// !$*UTF8*$!
{
	archiveVersion = 1;
	classes = {
	};
	objectVersion = 54;
	objects = {

/* Begin PBXBuildFile section */
		05FE750EBFE028C27BE99C48 /* AccountsUI.framework in Frameworks */ = {isa = PBXBuildFile; fileRef = 6461F57C634D6B042913C074 /* AccountsUI.framework */; };
		080661BA0FA67407CDCE06C7 /* TransactionsUI.swift in Sources */ = {isa = PBXBuildFile; fileRef = 16752E350380E742DC6B962A /* TransactionsUI.swift */; };
		091E1C34E8115CFB2E645E90 /* Persistence.framework in Embed Frameworks */ = {isa = PBXBuildFile; fileRef = 828268C0B56A447969558340 /* Persistence.framework */; settings = {ATTRIBUTES = (CodeSignOnCopy, RemoveHeadersOnCopy, ); }; };
		0C3D9F7885839C0933C18F1B /* Persistence.swift in Sources */ = {isa = PBXBuildFile; fileRef = 54937A31E08E2191BF2DBF27 /* Persistence.swift */; };
		0E20D9E429E4ED3175AB0A99 /* Common.swift in Sources */ = {isa = PBXBuildFile; fileRef = 8833268C3B1AB9EB0834BDAB /* Common.swift */; };
		0EC44422495050ED957E9311 /* Domain.framework in Frameworks */ = {isa = PBXBuildFile; fileRef = 4DAB0B1069DC860B61D66227 /* Domain.framework */; };
		16BA47C70050963254EF7D1E /* Networking.swift in Sources */ = {isa = PBXBuildFile; fileRef = 4D9704AC822EA93E0BEBA9CB /* Networking.swift */; };
		17B371784E4BC4FCBDAD4D81 /* Common.framework in Frameworks */ = {isa = PBXBuildFile; fileRef = 9DA060D574AB33C9A0E11445 /* Common.framework */; };
		32DB3AE57B49E4D7F9A0D7EE /* Assets.xcassets in Resources */ = {isa = PBXBuildFile; fileRef = E6AE1648B21C519AF16095CF /* Assets.xcassets */; };
		3A093F6DEE9F9FD8BDBCDE4A /* UseCases.framework in Frameworks */ = {isa = PBXBuildFile; fileRef = 1EF45D398161880E1AC9EBDE /* UseCases.framework */; };
		3B28CB994CDBAE9C814D952A /* Domain.framework in Frameworks */ = {isa = PBXBuildFile; fileRef = 4DAB0B1069DC860B61D66227 /* Domain.framework */; };
		45B642D74B1638A351E17257 /* SettingsUI.swift in Sources */ = {isa = PBXBuildFile; fileRef = 674C36EAA366BED048A0FA64 /* SettingsUI.swift */; };
		470FC7702E201B3162F90827 /* UseCases.swift in Sources */ = {isa = PBXBuildFile; fileRef = CFAAC8A14CBDF78CE111364C /* UseCases.swift */; };
		5C872071D4E1A58E2134CC98 /* UseCases.framework in Frameworks */ = {isa = PBXBuildFile; fileRef = 1EF45D398161880E1AC9EBDE /* UseCases.framework */; };
		61146ADB54604236BBCB7C7F /* Domain.framework in Frameworks */ = {isa = PBXBuildFile; fileRef = 4DAB0B1069DC860B61D66227 /* Domain.framework */; };
		6CC4E6617DA6C50C8E6FEAF4 /* Common.framework in Frameworks */ = {isa = PBXBuildFile; fileRef = 9DA060D574AB33C9A0E11445 /* Common.framework */; };
		6DD02E21A144E440E7FD541C /* Domain.framework in Frameworks */ = {isa = PBXBuildFile; fileRef = 4DAB0B1069DC860B61D66227 /* Domain.framework */; };
		72304C512C262EC0689324E1 /* UseCases.framework in Embed Frameworks */ = {isa = PBXBuildFile; fileRef = 1EF45D398161880E1AC9EBDE /* UseCases.framework */; settings = {ATTRIBUTES = (CodeSignOnCopy, RemoveHeadersOnCopy, ); }; };
		7B3ABDB7B2A8AB34735D1FE7 /* Common.framework in Frameworks */ = {isa = PBXBuildFile; fileRef = 9DA060D574AB33C9A0E11445 /* Common.framework */; };
		7EE28150444A5B51F4103E15 /* Domain.framework in Frameworks */ = {isa = PBXBuildFile; fileRef = 4DAB0B1069DC860B61D66227 /* Domain.framework */; };
		81A8EE8DDBA8BA988CA3FCB0 /* UseCases.framework in Frameworks */ = {isa = PBXBuildFile; fileRef = 1EF45D398161880E1AC9EBDE /* UseCases.framework */; };
		82EC3777C85E64C729A71C96 /* Networking.framework in Frameworks */ = {isa = PBXBuildFile; fileRef = D468427BC08D790DE04EE64C /* Networking.framework */; };
		8676974F15406CE2B450DA09 /* Domain.framework in Frameworks */ = {isa = PBXBuildFile; fileRef = 4DAB0B1069DC860B61D66227 /* Domain.framework */; };
		883E5DC76AF1A7DB8475F63B /* Networking.framework in Frameworks */ = {isa = PBXBuildFile; fileRef = D468427BC08D790DE04EE64C /* Networking.framework */; };
		89873E6BA10C588DFBAA3AF7 /* CategoriesUI.swift in Sources */ = {isa = PBXBuildFile; fileRef = 750202096C7AC6D6CB95E877 /* CategoriesUI.swift */; };
		954E170A4503C20E4472C63F /* Domain.framework in Frameworks */ = {isa = PBXBuildFile; fileRef = 4DAB0B1069DC860B61D66227 /* Domain.framework */; };
		9A7A2F697F87689608FEAAA6 /* TransactionsUI.framework in Embed Frameworks */ = {isa = PBXBuildFile; fileRef = F5EA563352685A6D6A793A61 /* TransactionsUI.framework */; settings = {ATTRIBUTES = (CodeSignOnCopy, RemoveHeadersOnCopy, ); }; };
		9B5E12D98F80AA1BCE35A7BA /* UseCases.framework in Frameworks */ = {isa = PBXBuildFile; fileRef = 1EF45D398161880E1AC9EBDE /* UseCases.framework */; };
		9D7059E0149A911679B1A2EF /* run_swiftlint.sh in Resources */ = {isa = PBXBuildFile; fileRef = F32600710A223EBE665FF54E /* run_swiftlint.sh */; };
		A00692E4075CF6ADB6CBC78E /* Domain.framework in Frameworks */ = {isa = PBXBuildFile; fileRef = 4DAB0B1069DC860B61D66227 /* Domain.framework */; };
		A3FA8A0A3A67C7E2AAB051C2 /* SettingsUI.framework in Frameworks */ = {isa = PBXBuildFile; fileRef = 8B31EFC3FED7A96786CD9D31 /* SettingsUI.framework */; };
		AF4BAE9525BA578ECEF976E3 /* Common.framework in Embed Frameworks */ = {isa = PBXBuildFile; fileRef = 9DA060D574AB33C9A0E11445 /* Common.framework */; settings = {ATTRIBUTES = (CodeSignOnCopy, RemoveHeadersOnCopy, ); }; };
		AF8784E30F0916B32A342EDA /* Domain.framework in Frameworks */ = {isa = PBXBuildFile; fileRef = 4DAB0B1069DC860B61D66227 /* Domain.framework */; };
		B34B091177A6720A47390834 /* SpendWiseApp.swift in Sources */ = {isa = PBXBuildFile; fileRef = 77D59DAC6481E0CD18C17CD4 /* SpendWiseApp.swift */; };
		BE56F2B4F1ECE3940A37183B /* TransactionsUI.framework in Frameworks */ = {isa = PBXBuildFile; fileRef = F5EA563352685A6D6A793A61 /* TransactionsUI.framework */; };
		C15EC9DD95801B08A2DAC324 /* Persistence.framework in Frameworks */ = {isa = PBXBuildFile; fileRef = 828268C0B56A447969558340 /* Persistence.framework */; };
		C167C146E9B5A62EDC3DBFFF /* Common.framework in Frameworks */ = {isa = PBXBuildFile; fileRef = 9DA060D574AB33C9A0E11445 /* Common.framework */; };
		C36BCF8B8D1D0712A8FFD138 /* Common.framework in Frameworks */ = {isa = PBXBuildFile; fileRef = 9DA060D574AB33C9A0E11445 /* Common.framework */; };
		C7FFED554B602E58869AC239 /* Domain.swift in Sources */ = {isa = PBXBuildFile; fileRef = 094EBBAD4DC41B592BC90AA9 /* Domain.swift */; };
		CAA82B146A8D03BEF93B0AB4 /* UseCases.framework in Frameworks */ = {isa = PBXBuildFile; fileRef = 1EF45D398161880E1AC9EBDE /* UseCases.framework */; };
		D4095EC1FA1E2B9E784C4988 /* AnalysisUI.framework in Embed Frameworks */ = {isa = PBXBuildFile; fileRef = 116A8CF765D9653D1FDBBF05 /* AnalysisUI.framework */; settings = {ATTRIBUTES = (CodeSignOnCopy, RemoveHeadersOnCopy, ); }; };
		D5EFB37BC90582658257649C /* CategoriesUI.framework in Embed Frameworks */ = {isa = PBXBuildFile; fileRef = 874D03DAEC4C7D31C54264F2 /* CategoriesUI.framework */; settings = {ATTRIBUTES = (CodeSignOnCopy, RemoveHeadersOnCopy, ); }; };
		DF6136214B25AE9A2DE730DA /* Networking.framework in Embed Frameworks */ = {isa = PBXBuildFile; fileRef = D468427BC08D790DE04EE64C /* Networking.framework */; settings = {ATTRIBUTES = (CodeSignOnCopy, RemoveHeadersOnCopy, ); }; };
		EA3B3DCE08923A52153CA2D2 /* AccountsUI.swift in Sources */ = {isa = PBXBuildFile; fileRef = 31260667367578A2C98646C4 /* AccountsUI.swift */; };
		EA8989DB34D7D18FD66C83F2 /* AnalysisUI.swift in Sources */ = {isa = PBXBuildFile; fileRef = 094304CAD149906D92D3D0A8 /* AnalysisUI.swift */; };
		EBB7D4B5EBF4873923A39990 /* AnalysisUI.framework in Frameworks */ = {isa = PBXBuildFile; fileRef = 116A8CF765D9653D1FDBBF05 /* AnalysisUI.framework */; };
		EF539A939A8481C0A11CADD8 /* CategoriesUI.framework in Frameworks */ = {isa = PBXBuildFile; fileRef = 874D03DAEC4C7D31C54264F2 /* CategoriesUI.framework */; };
		F27E8DCC2065CAA49397B75C /* Domain.framework in Embed Frameworks */ = {isa = PBXBuildFile; fileRef = 4DAB0B1069DC860B61D66227 /* Domain.framework */; settings = {ATTRIBUTES = (CodeSignOnCopy, RemoveHeadersOnCopy, ); }; };
		F2C47F315486A1A6AD64FB57 /* Persistence.framework in Frameworks */ = {isa = PBXBuildFile; fileRef = 828268C0B56A447969558340 /* Persistence.framework */; };
		FD1C05EAB0070C0B4A569BE4 /* Common.framework in Frameworks */ = {isa = PBXBuildFile; fileRef = 9DA060D574AB33C9A0E11445 /* Common.framework */; };
		FE71EE016B038F1BCDF02EAC /* AccountsUI.framework in Embed Frameworks */ = {isa = PBXBuildFile; fileRef = 6461F57C634D6B042913C074 /* AccountsUI.framework */; settings = {ATTRIBUTES = (CodeSignOnCopy, RemoveHeadersOnCopy, ); }; };
		FF525926685A8A277D5B1F5E /* SettingsUI.framework in Embed Frameworks */ = {isa = PBXBuildFile; fileRef = 8B31EFC3FED7A96786CD9D31 /* SettingsUI.framework */; settings = {ATTRIBUTES = (CodeSignOnCopy, RemoveHeadersOnCopy, ); }; };
/* End PBXBuildFile section */

/* Begin PBXContainerItemProxy section */
		069D3882D2C526551B7AC6D1 /* PBXContainerItemProxy */ = {
			isa = PBXContainerItemProxy;
			containerPortal = BA5EB1615A1CD0AAD26B012C /* Project object */;
			proxyType = 1;
			remoteGlobalIDString = D0E95C5B7016E18C8F2E6724;
			remoteInfo = Networking;
		};
		07708C48CD32678F4599E9BA /* PBXContainerItemProxy */ = {
			isa = PBXContainerItemProxy;
			containerPortal = BA5EB1615A1CD0AAD26B012C /* Project object */;
			proxyType = 1;
			remoteGlobalIDString = 2720FEF1EFD013B0B405FBE9;
			remoteInfo = CategoriesUI;
		};
		0DC268DAAB7FCE1DCA69846E /* PBXContainerItemProxy */ = {
			isa = PBXContainerItemProxy;
			containerPortal = BA5EB1615A1CD0AAD26B012C /* Project object */;
			proxyType = 1;
			remoteGlobalIDString = E34B8B34715EA7E4851FD1EC;
			remoteInfo = UseCases;
		};
		10B96CA918A3D018414A695B /* PBXContainerItemProxy */ = {
			isa = PBXContainerItemProxy;
			containerPortal = BA5EB1615A1CD0AAD26B012C /* Project object */;
			proxyType = 1;
			remoteGlobalIDString = 24C202B3E470FCBEBAF44286;
			remoteInfo = Common;
		};
		1A4CA5AC54377F29731B9A75 /* PBXContainerItemProxy */ = {
			isa = PBXContainerItemProxy;
			containerPortal = BA5EB1615A1CD0AAD26B012C /* Project object */;
			proxyType = 1;
			remoteGlobalIDString = 4E6A189FEBEC99EC6F07583D;
			remoteInfo = Domain;
		};
		2ACF3D10928C68FE6FB2A2C8 /* PBXContainerItemProxy */ = {
			isa = PBXContainerItemProxy;
			containerPortal = BA5EB1615A1CD0AAD26B012C /* Project object */;
			proxyType = 1;
			remoteGlobalIDString = 862B030D9072647909974519;
			remoteInfo = TransactionsUI;
		};
		323478C4EAD3201A224C895B /* PBXContainerItemProxy */ = {
			isa = PBXContainerItemProxy;
			containerPortal = BA5EB1615A1CD0AAD26B012C /* Project object */;
			proxyType = 1;
			remoteGlobalIDString = 24C202B3E470FCBEBAF44286;
			remoteInfo = Common;
		};
		3D4EDE205B07212097EE0429 /* PBXContainerItemProxy */ = {
			isa = PBXContainerItemProxy;
			containerPortal = BA5EB1615A1CD0AAD26B012C /* Project object */;
			proxyType = 1;
			remoteGlobalIDString = 4E6A189FEBEC99EC6F07583D;
			remoteInfo = Domain;
		};
		3F455CC3627FB0B8E63F26F0 /* PBXContainerItemProxy */ = {
			isa = PBXContainerItemProxy;
			containerPortal = BA5EB1615A1CD0AAD26B012C /* Project object */;
			proxyType = 1;
			remoteGlobalIDString = E34B8B34715EA7E4851FD1EC;
			remoteInfo = UseCases;
		};
		4D7B31407F9B6F37B0E55DCD /* PBXContainerItemProxy */ = {
			isa = PBXContainerItemProxy;
			containerPortal = BA5EB1615A1CD0AAD26B012C /* Project object */;
			proxyType = 1;
			remoteGlobalIDString = 4E6A189FEBEC99EC6F07583D;
			remoteInfo = Domain;
		};
		51F38DEF219FAAD9AEF51DA0 /* PBXContainerItemProxy */ = {
			isa = PBXContainerItemProxy;
			containerPortal = BA5EB1615A1CD0AAD26B012C /* Project object */;
			proxyType = 1;
			remoteGlobalIDString = 24C202B3E470FCBEBAF44286;
			remoteInfo = Common;
		};
		5D0AD0A71D5B4FC74C2F7D42 /* PBXContainerItemProxy */ = {
			isa = PBXContainerItemProxy;
			containerPortal = BA5EB1615A1CD0AAD26B012C /* Project object */;
			proxyType = 1;
			remoteGlobalIDString = 4E6A189FEBEC99EC6F07583D;
			remoteInfo = Domain;
		};
		71A84FE040E67CB58A25B4F8 /* PBXContainerItemProxy */ = {
			isa = PBXContainerItemProxy;
			containerPortal = BA5EB1615A1CD0AAD26B012C /* Project object */;
			proxyType = 1;
			remoteGlobalIDString = 24C202B3E470FCBEBAF44286;
			remoteInfo = Common;
		};
		755D40E80576C0F61698C86F /* PBXContainerItemProxy */ = {
			isa = PBXContainerItemProxy;
			containerPortal = BA5EB1615A1CD0AAD26B012C /* Project object */;
			proxyType = 1;
			remoteGlobalIDString = 4E6A189FEBEC99EC6F07583D;
			remoteInfo = Domain;
		};
		992A2BCCB7FFC014EAC67A90 /* PBXContainerItemProxy */ = {
			isa = PBXContainerItemProxy;
			containerPortal = BA5EB1615A1CD0AAD26B012C /* Project object */;
			proxyType = 1;
			remoteGlobalIDString = 4E6A189FEBEC99EC6F07583D;
			remoteInfo = Domain;
		};
		A12ED9803D72D9CA71E8E0EA /* PBXContainerItemProxy */ = {
			isa = PBXContainerItemProxy;
			containerPortal = BA5EB1615A1CD0AAD26B012C /* Project object */;
			proxyType = 1;
			remoteGlobalIDString = 4E6A189FEBEC99EC6F07583D;
			remoteInfo = Domain;
		};
		A974ED7B14C7715FEE57C71A /* PBXContainerItemProxy */ = {
			isa = PBXContainerItemProxy;
			containerPortal = BA5EB1615A1CD0AAD26B012C /* Project object */;
			proxyType = 1;
			remoteGlobalIDString = E34B8B34715EA7E4851FD1EC;
			remoteInfo = UseCases;
		};
		AD23674B3F03FE8D633DED92 /* PBXContainerItemProxy */ = {
			isa = PBXContainerItemProxy;
			containerPortal = BA5EB1615A1CD0AAD26B012C /* Project object */;
			proxyType = 1;
			remoteGlobalIDString = 5D4904DDF108AFAFB2E019B8;
			remoteInfo = AccountsUI;
		};
		B3B82053B60C0F17EBDD1426 /* PBXContainerItemProxy */ = {
			isa = PBXContainerItemProxy;
			containerPortal = BA5EB1615A1CD0AAD26B012C /* Project object */;
			proxyType = 1;
			remoteGlobalIDString = 780D23386A7D8870DE0FA85A;
			remoteInfo = SettingsUI;
		};
		C987ED9258F85BD918E77561 /* PBXContainerItemProxy */ = {
			isa = PBXContainerItemProxy;
			containerPortal = BA5EB1615A1CD0AAD26B012C /* Project object */;
			proxyType = 1;
			remoteGlobalIDString = D0E95C5B7016E18C8F2E6724;
			remoteInfo = Networking;
		};
		CD55008107E7B44F191CA088 /* PBXContainerItemProxy */ = {
			isa = PBXContainerItemProxy;
			containerPortal = BA5EB1615A1CD0AAD26B012C /* Project object */;
			proxyType = 1;
			remoteGlobalIDString = 4E6A189FEBEC99EC6F07583D;
			remoteInfo = Domain;
		};
		D0482C049EB7E5585D462E01 /* PBXContainerItemProxy */ = {
			isa = PBXContainerItemProxy;
			containerPortal = BA5EB1615A1CD0AAD26B012C /* Project object */;
			proxyType = 1;
			remoteGlobalIDString = 24C202B3E470FCBEBAF44286;
			remoteInfo = Common;
		};
		D8A686D219FC2B966589FB55 /* PBXContainerItemProxy */ = {
			isa = PBXContainerItemProxy;
			containerPortal = BA5EB1615A1CD0AAD26B012C /* Project object */;
			proxyType = 1;
			remoteGlobalIDString = 4E6A189FEBEC99EC6F07583D;
			remoteInfo = Domain;
		};
		DFF951E5D7CFE145FE22FA76 /* PBXContainerItemProxy */ = {
			isa = PBXContainerItemProxy;
			containerPortal = BA5EB1615A1CD0AAD26B012C /* Project object */;
			proxyType = 1;
			remoteGlobalIDString = 24C202B3E470FCBEBAF44286;
			remoteInfo = Common;
		};
		E1E3A5E341C428AC229D4A7B /* PBXContainerItemProxy */ = {
			isa = PBXContainerItemProxy;
			containerPortal = BA5EB1615A1CD0AAD26B012C /* Project object */;
			proxyType = 1;
			remoteGlobalIDString = E34B8B34715EA7E4851FD1EC;
			remoteInfo = UseCases;
		};
		E7ED3C341F7F84E3C86281E2 /* PBXContainerItemProxy */ = {
			isa = PBXContainerItemProxy;
			containerPortal = BA5EB1615A1CD0AAD26B012C /* Project object */;
			proxyType = 1;
			remoteGlobalIDString = 108BA9894AD043CBA9CE0A26;
			remoteInfo = AnalysisUI;
		};
		ED22B957A35EFC8896BEAEC7 /* PBXContainerItemProxy */ = {
			isa = PBXContainerItemProxy;
			containerPortal = BA5EB1615A1CD0AAD26B012C /* Project object */;
			proxyType = 1;
			remoteGlobalIDString = BDDB488A3EA469695AD9B86B;
			remoteInfo = Persistence;
		};
		EDE0BB16C3F76C96BABD8C33 /* PBXContainerItemProxy */ = {
			isa = PBXContainerItemProxy;
			containerPortal = BA5EB1615A1CD0AAD26B012C /* Project object */;
			proxyType = 1;
			remoteGlobalIDString = BDDB488A3EA469695AD9B86B;
			remoteInfo = Persistence;
		};
		EED8B2EF11FAFE73F0D17BDC /* PBXContainerItemProxy */ = {
			isa = PBXContainerItemProxy;
			containerPortal = BA5EB1615A1CD0AAD26B012C /* Project object */;
			proxyType = 1;
			remoteGlobalIDString = E34B8B34715EA7E4851FD1EC;
			remoteInfo = UseCases;
		};
/* End PBXContainerItemProxy section */

/* Begin PBXCopyFilesBuildPhase section */
		5D885A79ACC59F5AC08D23A6 /* Embed Frameworks */ = {
			isa = PBXCopyFilesBuildPhase;
			buildActionMask = 2147483647;
			dstPath = "";
			dstSubfolderSpec = 10;
			files = (
				AF4BAE9525BA578ECEF976E3 /* Common.framework in Embed Frameworks */,
				F27E8DCC2065CAA49397B75C /* Domain.framework in Embed Frameworks */,
				091E1C34E8115CFB2E645E90 /* Persistence.framework in Embed Frameworks */,
				DF6136214B25AE9A2DE730DA /* Networking.framework in Embed Frameworks */,
				72304C512C262EC0689324E1 /* UseCases.framework in Embed Frameworks */,
				9A7A2F697F87689608FEAAA6 /* TransactionsUI.framework in Embed Frameworks */,
				FE71EE016B038F1BCDF02EAC /* AccountsUI.framework in Embed Frameworks */,
				D5EFB37BC90582658257649C /* CategoriesUI.framework in Embed Frameworks */,
				FF525926685A8A277D5B1F5E /* SettingsUI.framework in Embed Frameworks */,
				D4095EC1FA1E2B9E784C4988 /* AnalysisUI.framework in Embed Frameworks */,
			);
			name = "Embed Frameworks";
			runOnlyForDeploymentPostprocessing = 0;
		};
/* End PBXCopyFilesBuildPhase section */

/* Begin PBXFileReference section */
		094304CAD149906D92D3D0A8 /* AnalysisUI.swift */ = {isa = PBXFileReference; lastKnownFileType = sourcecode.swift; path = AnalysisUI.swift; sourceTree = "<group>"; };
		094EBBAD4DC41B592BC90AA9 /* Domain.swift */ = {isa = PBXFileReference; lastKnownFileType = sourcecode.swift; path = Domain.swift; sourceTree = "<group>"; };
		116A8CF765D9653D1FDBBF05 /* AnalysisUI.framework */ = {isa = PBXFileReference; explicitFileType = wrapper.framework; includeInIndex = 0; path = AnalysisUI.framework; sourceTree = BUILT_PRODUCTS_DIR; };
		16752E350380E742DC6B962A /* TransactionsUI.swift */ = {isa = PBXFileReference; lastKnownFileType = sourcecode.swift; path = TransactionsUI.swift; sourceTree = "<group>"; };
		1EF45D398161880E1AC9EBDE /* UseCases.framework */ = {isa = PBXFileReference; explicitFileType = wrapper.framework; includeInIndex = 0; path = UseCases.framework; sourceTree = BUILT_PRODUCTS_DIR; };
		31260667367578A2C98646C4 /* AccountsUI.swift */ = {isa = PBXFileReference; lastKnownFileType = sourcecode.swift; path = AccountsUI.swift; sourceTree = "<group>"; };
		4D9704AC822EA93E0BEBA9CB /* Networking.swift */ = {isa = PBXFileReference; lastKnownFileType = sourcecode.swift; path = Networking.swift; sourceTree = "<group>"; };
		4DAB0B1069DC860B61D66227 /* Domain.framework */ = {isa = PBXFileReference; explicitFileType = wrapper.framework; includeInIndex = 0; path = Domain.framework; sourceTree = BUILT_PRODUCTS_DIR; };
		54937A31E08E2191BF2DBF27 /* Persistence.swift */ = {isa = PBXFileReference; lastKnownFileType = sourcecode.swift; path = Persistence.swift; sourceTree = "<group>"; };
		6461F57C634D6B042913C074 /* AccountsUI.framework */ = {isa = PBXFileReference; explicitFileType = wrapper.framework; includeInIndex = 0; path = AccountsUI.framework; sourceTree = BUILT_PRODUCTS_DIR; };
		674C36EAA366BED048A0FA64 /* SettingsUI.swift */ = {isa = PBXFileReference; lastKnownFileType = sourcecode.swift; path = SettingsUI.swift; sourceTree = "<group>"; };
		750202096C7AC6D6CB95E877 /* CategoriesUI.swift */ = {isa = PBXFileReference; lastKnownFileType = sourcecode.swift; path = CategoriesUI.swift; sourceTree = "<group>"; };
		77D59DAC6481E0CD18C17CD4 /* SpendWiseApp.swift */ = {isa = PBXFileReference; lastKnownFileType = sourcecode.swift; path = SpendWiseApp.swift; sourceTree = "<group>"; };
		828268C0B56A447969558340 /* Persistence.framework */ = {isa = PBXFileReference; explicitFileType = wrapper.framework; includeInIndex = 0; path = Persistence.framework; sourceTree = BUILT_PRODUCTS_DIR; };
		874D03DAEC4C7D31C54264F2 /* CategoriesUI.framework */ = {isa = PBXFileReference; explicitFileType = wrapper.framework; includeInIndex = 0; path = CategoriesUI.framework; sourceTree = BUILT_PRODUCTS_DIR; };
		8833268C3B1AB9EB0834BDAB /* Common.swift */ = {isa = PBXFileReference; lastKnownFileType = sourcecode.swift; path = Common.swift; sourceTree = "<group>"; };
		8B31EFC3FED7A96786CD9D31 /* SettingsUI.framework */ = {isa = PBXFileReference; explicitFileType = wrapper.framework; includeInIndex = 0; path = SettingsUI.framework; sourceTree = BUILT_PRODUCTS_DIR; };
		9DA060D574AB33C9A0E11445 /* Common.framework */ = {isa = PBXFileReference; explicitFileType = wrapper.framework; includeInIndex = 0; path = Common.framework; sourceTree = BUILT_PRODUCTS_DIR; };
		BD26CB56B60917F0E7663E28 /* SpendWise.app */ = {isa = PBXFileReference; includeInIndex = 0; lastKnownFileType = wrapper.application; path = SpendWise.app; sourceTree = BUILT_PRODUCTS_DIR; };
		C923D49EEC8C13B120478F96 /* Info.plist */ = {isa = PBXFileReference; lastKnownFileType = text.plist; path = Info.plist; sourceTree = "<group>"; };
		CFAAC8A14CBDF78CE111364C /* UseCases.swift */ = {isa = PBXFileReference; lastKnownFileType = sourcecode.swift; path = UseCases.swift; sourceTree = "<group>"; };
		D468427BC08D790DE04EE64C /* Networking.framework */ = {isa = PBXFileReference; explicitFileType = wrapper.framework; includeInIndex = 0; path = Networking.framework; sourceTree = BUILT_PRODUCTS_DIR; };
		E6AE1648B21C519AF16095CF /* Assets.xcassets */ = {isa = PBXFileReference; lastKnownFileType = folder.assetcatalog; path = Assets.xcassets; sourceTree = "<group>"; };
		F32600710A223EBE665FF54E /* run_swiftlint.sh */ = {isa = PBXFileReference; lastKnownFileType = text.script.sh; path = run_swiftlint.sh; sourceTree = "<group>"; };
		F5EA563352685A6D6A793A61 /* TransactionsUI.framework */ = {isa = PBXFileReference; explicitFileType = wrapper.framework; includeInIndex = 0; path = TransactionsUI.framework; sourceTree = BUILT_PRODUCTS_DIR; };
/* End PBXFileReference section */

/* Begin PBXFrameworksBuildPhase section */
		090EE7C48771792C2D13CDC1 /* Frameworks */ = {
			isa = PBXFrameworksBuildPhase;
			buildActionMask = 2147483647;
			files = (
				7B3ABDB7B2A8AB34735D1FE7 /* Common.framework in Frameworks */,
			);
			runOnlyForDeploymentPostprocessing = 0;
		};
		1A3FFEB5A4149FB015A62AE9 /* Frameworks */ = {
			isa = PBXFrameworksBuildPhase;
			buildActionMask = 2147483647;
			files = (
				7EE28150444A5B51F4103E15 /* Domain.framework in Frameworks */,
				F2C47F315486A1A6AD64FB57 /* Persistence.framework in Frameworks */,
				883E5DC76AF1A7DB8475F63B /* Networking.framework in Frameworks */,
			);
			runOnlyForDeploymentPostprocessing = 0;
		};
		1CD0317D69853E6E99AC5439 /* Frameworks */ = {
			isa = PBXFrameworksBuildPhase;
			buildActionMask = 2147483647;
			files = (
				61146ADB54604236BBCB7C7F /* Domain.framework in Frameworks */,
				3A093F6DEE9F9FD8BDBCDE4A /* UseCases.framework in Frameworks */,
				C36BCF8B8D1D0712A8FFD138 /* Common.framework in Frameworks */,
			);
			runOnlyForDeploymentPostprocessing = 0;
		};
		1FE0AE039045CCBCF6D77C1C /* Frameworks */ = {
			isa = PBXFrameworksBuildPhase;
			buildActionMask = 2147483647;
			files = (
				0EC44422495050ED957E9311 /* Domain.framework in Frameworks */,
				81A8EE8DDBA8BA988CA3FCB0 /* UseCases.framework in Frameworks */,
				C167C146E9B5A62EDC3DBFFF /* Common.framework in Frameworks */,
			);
			runOnlyForDeploymentPostprocessing = 0;
		};
		25164E6011E8CA2E0C171381 /* Frameworks */ = {
			isa = PBXFrameworksBuildPhase;
			buildActionMask = 2147483647;
			files = (
				AF8784E30F0916B32A342EDA /* Domain.framework in Frameworks */,
			);
			runOnlyForDeploymentPostprocessing = 0;
		};
		31512B656F1225133E05525C /* Frameworks */ = {
			isa = PBXFrameworksBuildPhase;
			buildActionMask = 2147483647;
			files = (
				954E170A4503C20E4472C63F /* Domain.framework in Frameworks */,
				5C872071D4E1A58E2134CC98 /* UseCases.framework in Frameworks */,
				6CC4E6617DA6C50C8E6FEAF4 /* Common.framework in Frameworks */,
			);
			runOnlyForDeploymentPostprocessing = 0;
		};
		32F1D4E6E5D0FCEA2C4676F5 /* Frameworks */ = {
			isa = PBXFrameworksBuildPhase;
			buildActionMask = 2147483647;
			files = (
				FD1C05EAB0070C0B4A569BE4 /* Common.framework in Frameworks */,
				8676974F15406CE2B450DA09 /* Domain.framework in Frameworks */,
				C15EC9DD95801B08A2DAC324 /* Persistence.framework in Frameworks */,
				82EC3777C85E64C729A71C96 /* Networking.framework in Frameworks */,
				CAA82B146A8D03BEF93B0AB4 /* UseCases.framework in Frameworks */,
				BE56F2B4F1ECE3940A37183B /* TransactionsUI.framework in Frameworks */,
				05FE750EBFE028C27BE99C48 /* AccountsUI.framework in Frameworks */,
				EF539A939A8481C0A11CADD8 /* CategoriesUI.framework in Frameworks */,
				A3FA8A0A3A67C7E2AAB051C2 /* SettingsUI.framework in Frameworks */,
				EBB7D4B5EBF4873923A39990 /* AnalysisUI.framework in Frameworks */,
			);
			runOnlyForDeploymentPostprocessing = 0;
		};
		6FB403BC18F3DFC3D5109EA6 /* Frameworks */ = {
			isa = PBXFrameworksBuildPhase;
			buildActionMask = 2147483647;
			files = (
				A00692E4075CF6ADB6CBC78E /* Domain.framework in Frameworks */,
			);
			runOnlyForDeploymentPostprocessing = 0;
		};
		749349BE547B66496BF89089 /* Frameworks */ = {
			isa = PBXFrameworksBuildPhase;
			buildActionMask = 2147483647;
			files = (
				3B28CB994CDBAE9C814D952A /* Domain.framework in Frameworks */,
				9B5E12D98F80AA1BCE35A7BA /* UseCases.framework in Frameworks */,
				17B371784E4BC4FCBDAD4D81 /* Common.framework in Frameworks */,
			);
			runOnlyForDeploymentPostprocessing = 0;
		};
		93298909FEF31C2333C98346 /* Frameworks */ = {
			isa = PBXFrameworksBuildPhase;
			buildActionMask = 2147483647;
			files = (
				6DD02E21A144E440E7FD541C /* Domain.framework in Frameworks */,
			);
			runOnlyForDeploymentPostprocessing = 0;
		};
/* End PBXFrameworksBuildPhase section */

/* Begin PBXGroup section */
		2A520E5C52A13473F455AADF /* TransactionsUI */ = {
			isa = PBXGroup;
			children = (
				16752E350380E742DC6B962A /* TransactionsUI.swift */,
			);
			name = TransactionsUI;
			path = Modules/UI/TransactionsUI;
			sourceTree = "<group>";
		};
		2CF86DFBD32C2AA6FF4699B7 /* AccountsUI */ = {
			isa = PBXGroup;
			children = (
				31260667367578A2C98646C4 /* AccountsUI.swift */,
			);
			name = AccountsUI;
			path = Modules/UI/AccountsUI;
			sourceTree = "<group>";
		};
		458D08E14D6959732A151631 /* AnalysisUI */ = {
			isa = PBXGroup;
			children = (
				094304CAD149906D92D3D0A8 /* AnalysisUI.swift */,
			);
			name = AnalysisUI;
			path = Modules/UI/AnalysisUI;
			sourceTree = "<group>";
		};
		4F712FBEDE9E2EB1272E05A4 /* Domain */ = {
			isa = PBXGroup;
			children = (
				094EBBAD4DC41B592BC90AA9 /* Domain.swift */,
			);
			name = Domain;
			path = Modules/Domain;
			sourceTree = "<group>";
		};
		536F9A0B699492E52C863053 /* UseCases */ = {
			isa = PBXGroup;
			children = (
				CFAAC8A14CBDF78CE111364C /* UseCases.swift */,
			);
			name = UseCases;
			path = Modules/UseCases;
			sourceTree = "<group>";
		};
		665002C74FD7709C5F899FCA /* AppEntry */ = {
			isa = PBXGroup;
			children = (
				C923D49EEC8C13B120478F96 /* Info.plist */,
				77D59DAC6481E0CD18C17CD4 /* SpendWiseApp.swift */,
				DD9D02A4BE2349D29AF3FBD2 /* Resources */,
				DED1C5BFF084D95BB6AC32D6 /* Scripts */,
			);
			name = AppEntry;
			path = Modules/UI/AppEntry;
			sourceTree = "<group>";
		};
		6EAD9ACD5B8B0B45EF540B5B = {
			isa = PBXGroup;
			children = (
				2CF86DFBD32C2AA6FF4699B7 /* AccountsUI */,
				458D08E14D6959732A151631 /* AnalysisUI */,
				665002C74FD7709C5F899FCA /* AppEntry */,
				807949AB7CA16FF5A77C9277 /* CategoriesUI */,
				D8676940423B810D8786E953 /* Common */,
				4F712FBEDE9E2EB1272E05A4 /* Domain */,
				C1C9E07164D3860D83CE8198 /* Networking */,
				FBE8684D2FCA25EC2703B43D /* Persistence */,
				CD844B01EF2E2247A59C166F /* SettingsUI */,
				2A520E5C52A13473F455AADF /* TransactionsUI */,
				536F9A0B699492E52C863053 /* UseCases */,
				E79F8958110FAC64CEBFF82B /* Products */,
			);
			sourceTree = "<group>";
		};
		807949AB7CA16FF5A77C9277 /* CategoriesUI */ = {
			isa = PBXGroup;
			children = (
				750202096C7AC6D6CB95E877 /* CategoriesUI.swift */,
			);
			name = CategoriesUI;
			path = Modules/UI/CategoriesUI;
			sourceTree = "<group>";
		};
		C1C9E07164D3860D83CE8198 /* Networking */ = {
			isa = PBXGroup;
			children = (
				4D9704AC822EA93E0BEBA9CB /* Networking.swift */,
			);
			name = Networking;
			path = Modules/Networking;
			sourceTree = "<group>";
		};
		CD844B01EF2E2247A59C166F /* SettingsUI */ = {
			isa = PBXGroup;
			children = (
				674C36EAA366BED048A0FA64 /* SettingsUI.swift */,
			);
			name = SettingsUI;
			path = Modules/UI/SettingsUI;
			sourceTree = "<group>";
		};
		D8676940423B810D8786E953 /* Common */ = {
			isa = PBXGroup;
			children = (
				8833268C3B1AB9EB0834BDAB /* Common.swift */,
			);
			name = Common;
			path = Modules/Common;
			sourceTree = "<group>";
		};
		DD9D02A4BE2349D29AF3FBD2 /* Resources */ = {
			isa = PBXGroup;
			children = (
				E6AE1648B21C519AF16095CF /* Assets.xcassets */,
			);
			path = Resources;
			sourceTree = "<group>";
		};
		DED1C5BFF084D95BB6AC32D6 /* Scripts */ = {
			isa = PBXGroup;
			children = (
				F32600710A223EBE665FF54E /* run_swiftlint.sh */,
			);
			path = Scripts;
			sourceTree = "<group>";
		};
		E79F8958110FAC64CEBFF82B /* Products */ = {
			isa = PBXGroup;
			children = (
				6461F57C634D6B042913C074 /* AccountsUI.framework */,
				116A8CF765D9653D1FDBBF05 /* AnalysisUI.framework */,
				874D03DAEC4C7D31C54264F2 /* CategoriesUI.framework */,
				9DA060D574AB33C9A0E11445 /* Common.framework */,
				4DAB0B1069DC860B61D66227 /* Domain.framework */,
				D468427BC08D790DE04EE64C /* Networking.framework */,
				828268C0B56A447969558340 /* Persistence.framework */,
				8B31EFC3FED7A96786CD9D31 /* SettingsUI.framework */,
				BD26CB56B60917F0E7663E28 /* SpendWise.app */,
				F5EA563352685A6D6A793A61 /* TransactionsUI.framework */,
				1EF45D398161880E1AC9EBDE /* UseCases.framework */,
			);
			name = Products;
			sourceTree = "<group>";
		};
		FBE8684D2FCA25EC2703B43D /* Persistence */ = {
			isa = PBXGroup;
			children = (
				54937A31E08E2191BF2DBF27 /* Persistence.swift */,
			);
			name = Persistence;
			path = Modules/Persistence;
			sourceTree = "<group>";
		};
/* End PBXGroup section */

/* Begin PBXNativeTarget section */
		108BA9894AD043CBA9CE0A26 /* AnalysisUI */ = {
			isa = PBXNativeTarget;
			buildConfigurationList = 0C8A50EAD9CA0DAB893646F3 /* Build configuration list for PBXNativeTarget "AnalysisUI" */;
			buildPhases = (
				C10CB47DEF4049FF2F3AA373 /* Sources */,
				31512B656F1225133E05525C /* Frameworks */,
			);
			buildRules = (
			);
			dependencies = (
				1FE78778BDACF94BDF9FE196 /* PBXTargetDependency */,
				47B6DC5D36056DDF3CA15732 /* PBXTargetDependency */,
				98C55C6876AB9F92612C1FB2 /* PBXTargetDependency */,
			);
			name = AnalysisUI;
			packageProductDependencies = (
			);
			productName = AnalysisUI;
			productReference = 116A8CF765D9653D1FDBBF05 /* AnalysisUI.framework */;
			productType = "com.apple.product-type.framework";
		};
		24C202B3E470FCBEBAF44286 /* Common */ = {
			isa = PBXNativeTarget;
			buildConfigurationList = 6D9C23CE5FD080783DB705F1 /* Build configuration list for PBXNativeTarget "Common" */;
			buildPhases = (
				E3B1EB4DA102538E57E324B7 /* Sources */,
				93298909FEF31C2333C98346 /* Frameworks */,
			);
			buildRules = (
			);
			dependencies = (
				B3FDB43D4889DFDB48B5D5D3 /* PBXTargetDependency */,
			);
			name = Common;
			packageProductDependencies = (
			);
			productName = Common;
			productReference = 9DA060D574AB33C9A0E11445 /* Common.framework */;
			productType = "com.apple.product-type.framework";
		};
		2720FEF1EFD013B0B405FBE9 /* CategoriesUI */ = {
			isa = PBXNativeTarget;
			buildConfigurationList = 83E519BEE57BD2448A7547ED /* Build configuration list for PBXNativeTarget "CategoriesUI" */;
			buildPhases = (
				282F2D326FF994038B720BC2 /* Sources */,
				749349BE547B66496BF89089 /* Frameworks */,
			);
			buildRules = (
			);
			dependencies = (
				225F4B678457802B1468EC3E /* PBXTargetDependency */,
				B5720266C133925D75847121 /* PBXTargetDependency */,
				1FB5FB4C0ECDBAEDEB8AC239 /* PBXTargetDependency */,
			);
			name = CategoriesUI;
			packageProductDependencies = (
			);
			productName = CategoriesUI;
			productReference = 874D03DAEC4C7D31C54264F2 /* CategoriesUI.framework */;
			productType = "com.apple.product-type.framework";
		};
		4D9D57C373A5ACA64CEEBD98 /* SpendWise */ = {
			isa = PBXNativeTarget;
			buildConfigurationList = A4CF813043B3C542916339FA /* Build configuration list for PBXNativeTarget "SpendWise" */;
			buildPhases = (
				086F113475DF64EEF7E2F67B /* SwiftLint */,
				978242DE9CA42ADFDC4A13F2 /* Sources */,
				2C3DF53E4AB4928434D10839 /* Resources */,
				32F1D4E6E5D0FCEA2C4676F5 /* Frameworks */,
				5D885A79ACC59F5AC08D23A6 /* Embed Frameworks */,
			);
			buildRules = (
			);
			dependencies = (
				683A0E046FCA5A3C31E88D4B /* PBXTargetDependency */,
				B12070FDC1703F8F902DE648 /* PBXTargetDependency */,
				197A3151AC4819644274DAD9 /* PBXTargetDependency */,
				82277FB559D07C150575983B /* PBXTargetDependency */,
				65E49F41B1C622B4AA101643 /* PBXTargetDependency */,
				5F706DE135B2F9F3A70F0656 /* PBXTargetDependency */,
				F9884CB775CAD368FE238DE4 /* PBXTargetDependency */,
				937AEB8284669DF32C701C5D /* PBXTargetDependency */,
				E49B6D0DA5E8F8D41087E552 /* PBXTargetDependency */,
				4249A772DD84EBF0D39B5360 /* PBXTargetDependency */,
			);
			name = SpendWise;
			packageProductDependencies = (
			);
			productName = SpendWise;
			productReference = BD26CB56B60917F0E7663E28 /* SpendWise.app */;
			productType = "com.apple.product-type.application";
		};
		4E6A189FEBEC99EC6F07583D /* Domain */ = {
			isa = PBXNativeTarget;
			buildConfigurationList = C7D3C5A9B768EBB7D4C74405 /* Build configuration list for PBXNativeTarget "Domain" */;
			buildPhases = (
				6A308BB8573AFD90705EA5E0 /* Sources */,
			);
			buildRules = (
			);
			dependencies = (
			);
			name = Domain;
			packageProductDependencies = (
			);
			productName = Domain;
			productReference = 4DAB0B1069DC860B61D66227 /* Domain.framework */;
			productType = "com.apple.product-type.framework";
		};
		5D4904DDF108AFAFB2E019B8 /* AccountsUI */ = {
			isa = PBXNativeTarget;
			buildConfigurationList = B62808A6C4D103C578237130 /* Build configuration list for PBXNativeTarget "AccountsUI" */;
			buildPhases = (
				B91DE15FEAB68AFA0E7F5397 /* Sources */,
				1CD0317D69853E6E99AC5439 /* Frameworks */,
			);
			buildRules = (
			);
			dependencies = (
				D3C0B1804CB19AAC072E1538 /* PBXTargetDependency */,
				1DDA5BA0FD4B4EA1EB9F153A /* PBXTargetDependency */,
				DA5676D2408E04AAB03422F9 /* PBXTargetDependency */,
			);
			name = AccountsUI;
			packageProductDependencies = (
			);
			productName = AccountsUI;
			productReference = 6461F57C634D6B042913C074 /* AccountsUI.framework */;
			productType = "com.apple.product-type.framework";
		};
		780D23386A7D8870DE0FA85A /* SettingsUI */ = {
			isa = PBXNativeTarget;
			buildConfigurationList = 6891C39A24F02852A381656D /* Build configuration list for PBXNativeTarget "SettingsUI" */;
			buildPhases = (
				1B747910B2CDC54F7D193E6D /* Sources */,
				090EE7C48771792C2D13CDC1 /* Frameworks */,
			);
			buildRules = (
			);
			dependencies = (
				11C7A2CACDBD28739D5EF477 /* PBXTargetDependency */,
			);
			name = SettingsUI;
			packageProductDependencies = (
			);
			productName = SettingsUI;
			productReference = 8B31EFC3FED7A96786CD9D31 /* SettingsUI.framework */;
			productType = "com.apple.product-type.framework";
		};
		862B030D9072647909974519 /* TransactionsUI */ = {
			isa = PBXNativeTarget;
			buildConfigurationList = 1A7B856F68E3ED1B87BE49C4 /* Build configuration list for PBXNativeTarget "TransactionsUI" */;
			buildPhases = (
				09EF9BCAA41A3C777392F2A3 /* Sources */,
				1FE0AE039045CCBCF6D77C1C /* Frameworks */,
			);
			buildRules = (
			);
			dependencies = (
				D26E3A7215B1E0E4B2F03C7D /* PBXTargetDependency */,
				6850BA70C53F2944114D8F46 /* PBXTargetDependency */,
				86FBC568F9D12612474CC979 /* PBXTargetDependency */,
			);
			name = TransactionsUI;
			packageProductDependencies = (
			);
			productName = TransactionsUI;
			productReference = F5EA563352685A6D6A793A61 /* TransactionsUI.framework */;
			productType = "com.apple.product-type.framework";
		};
		BDDB488A3EA469695AD9B86B /* Persistence */ = {
			isa = PBXNativeTarget;
			buildConfigurationList = CAC95B81BEB1075046276854 /* Build configuration list for PBXNativeTarget "Persistence" */;
			buildPhases = (
				88F5FEA2C39AA933B9A69855 /* Sources */,
				25164E6011E8CA2E0C171381 /* Frameworks */,
			);
			buildRules = (
			);
			dependencies = (
				5FAAE8326DB67EAD5D976D57 /* PBXTargetDependency */,
			);
			name = Persistence;
			packageProductDependencies = (
			);
			productName = Persistence;
			productReference = 828268C0B56A447969558340 /* Persistence.framework */;
			productType = "com.apple.product-type.framework";
		};
		D0E95C5B7016E18C8F2E6724 /* Networking */ = {
			isa = PBXNativeTarget;
			buildConfigurationList = 9AD7E602684F7F60A3726442 /* Build configuration list for PBXNativeTarget "Networking" */;
			buildPhases = (
				F2D5281C1B1D27D86CB786C3 /* Sources */,
				6FB403BC18F3DFC3D5109EA6 /* Frameworks */,
			);
			buildRules = (
			);
			dependencies = (
				51CB964FD8E8613E751DEFFB /* PBXTargetDependency */,
			);
			name = Networking;
			packageProductDependencies = (
			);
			productName = Networking;
			productReference = D468427BC08D790DE04EE64C /* Networking.framework */;
			productType = "com.apple.product-type.framework";
		};
		E34B8B34715EA7E4851FD1EC /* UseCases */ = {
			isa = PBXNativeTarget;
			buildConfigurationList = 5FE692B5D7C697E8F43554B3 /* Build configuration list for PBXNativeTarget "UseCases" */;
			buildPhases = (
				4EC6E8ABCA79FE8BC02541ED /* Sources */,
				1A3FFEB5A4149FB015A62AE9 /* Frameworks */,
			);
			buildRules = (
			);
			dependencies = (
				73463D97E54826E0CC7BF24A /* PBXTargetDependency */,
				28E187B10349A26FB56DBC4B /* PBXTargetDependency */,
				F4191C6981D7E807A9DD6023 /* PBXTargetDependency */,
			);
			name = UseCases;
			packageProductDependencies = (
			);
			productName = UseCases;
			productReference = 1EF45D398161880E1AC9EBDE /* UseCases.framework */;
			productType = "com.apple.product-type.framework";
		};
/* End PBXNativeTarget section */

/* Begin PBXProject section */
		BA5EB1615A1CD0AAD26B012C /* Project object */ = {
			isa = PBXProject;
			attributes = {
				BuildIndependentTargetsInParallel = YES;
				LastUpgradeCheck = 1430;
				TargetAttributes = {
					108BA9894AD043CBA9CE0A26 = {
						ProvisioningStyle = Automatic;
					};
					24C202B3E470FCBEBAF44286 = {
						ProvisioningStyle = Automatic;
					};
					2720FEF1EFD013B0B405FBE9 = {
						ProvisioningStyle = Automatic;
					};
					4D9D57C373A5ACA64CEEBD98 = {
						ProvisioningStyle = Automatic;
					};
					4E6A189FEBEC99EC6F07583D = {
						ProvisioningStyle = Automatic;
					};
					5D4904DDF108AFAFB2E019B8 = {
						ProvisioningStyle = Automatic;
					};
					780D23386A7D8870DE0FA85A = {
						ProvisioningStyle = Automatic;
					};
					862B030D9072647909974519 = {
						ProvisioningStyle = Automatic;
					};
					BDDB488A3EA469695AD9B86B = {
						ProvisioningStyle = Automatic;
					};
					D0E95C5B7016E18C8F2E6724 = {
						ProvisioningStyle = Automatic;
					};
					E34B8B34715EA7E4851FD1EC = {
						ProvisioningStyle = Automatic;
					};
				};
			};
			buildConfigurationList = 0588285240F2AA9D332D4EB9 /* Build configuration list for PBXProject "SpendWise" */;
			compatibilityVersion = "Xcode 14.0";
			developmentRegion = en;
			hasScannedForEncodings = 0;
			knownRegions = (
				Base,
				en,
			);
			mainGroup = 6EAD9ACD5B8B0B45EF540B5B;
			minimizedProjectReferenceProxies = 1;
			preferredProjectObjectVersion = 54;
			projectDirPath = "";
			projectRoot = "";
			targets = (
				5D4904DDF108AFAFB2E019B8 /* AccountsUI */,
				108BA9894AD043CBA9CE0A26 /* AnalysisUI */,
				2720FEF1EFD013B0B405FBE9 /* CategoriesUI */,
				24C202B3E470FCBEBAF44286 /* Common */,
				4E6A189FEBEC99EC6F07583D /* Domain */,
				D0E95C5B7016E18C8F2E6724 /* Networking */,
				BDDB488A3EA469695AD9B86B /* Persistence */,
				780D23386A7D8870DE0FA85A /* SettingsUI */,
				4D9D57C373A5ACA64CEEBD98 /* SpendWise */,
				862B030D9072647909974519 /* TransactionsUI */,
				E34B8B34715EA7E4851FD1EC /* UseCases */,
			);
		};
/* End PBXProject section */

/* Begin PBXResourcesBuildPhase section */
		2C3DF53E4AB4928434D10839 /* Resources */ = {
			isa = PBXResourcesBuildPhase;
			buildActionMask = 2147483647;
			files = (
				32DB3AE57B49E4D7F9A0D7EE /* Assets.xcassets in Resources */,
				9D7059E0149A911679B1A2EF /* run_swiftlint.sh in Resources */,
			);
			runOnlyForDeploymentPostprocessing = 0;
		};
/* End PBXResourcesBuildPhase section */

/* Begin PBXShellScriptBuildPhase section */
		086F113475DF64EEF7E2F67B /* SwiftLint */ = {
			isa = PBXShellScriptBuildPhase;
			buildActionMask = 2147483647;
			files = (
			);
			inputFileListPaths = (
			);
			inputPaths = (
			);
			name = SwiftLint;
			outputFileListPaths = (
			);
			outputPaths = (
			);
			runOnlyForDeploymentPostprocessing = 0;
			shellPath = /bin/sh;
			shellScript = "if which swiftlint >/dev/null; then\n  swiftlint lint --config \"${SRCROOT}/.swiftlint.yml\"\nelse\n  echo \"warning: SwiftLint not installed\"\nfi\n";
		};
/* End PBXShellScriptBuildPhase section */

/* Begin PBXSourcesBuildPhase section */
		09EF9BCAA41A3C777392F2A3 /* Sources */ = {
			isa = PBXSourcesBuildPhase;
			buildActionMask = 2147483647;
			files = (
				080661BA0FA67407CDCE06C7 /* TransactionsUI.swift in Sources */,
			);
			runOnlyForDeploymentPostprocessing = 0;
		};
		1B747910B2CDC54F7D193E6D /* Sources */ = {
			isa = PBXSourcesBuildPhase;
			buildActionMask = 2147483647;
			files = (
				45B642D74B1638A351E17257 /* SettingsUI.swift in Sources */,
			);
			runOnlyForDeploymentPostprocessing = 0;
		};
		282F2D326FF994038B720BC2 /* Sources */ = {
			isa = PBXSourcesBuildPhase;
			buildActionMask = 2147483647;
			files = (
				89873E6BA10C588DFBAA3AF7 /* CategoriesUI.swift in Sources */,
			);
			runOnlyForDeploymentPostprocessing = 0;
		};
		4EC6E8ABCA79FE8BC02541ED /* Sources */ = {
			isa = PBXSourcesBuildPhase;
			buildActionMask = 2147483647;
			files = (
				470FC7702E201B3162F90827 /* UseCases.swift in Sources */,
			);
			runOnlyForDeploymentPostprocessing = 0;
		};
		6A308BB8573AFD90705EA5E0 /* Sources */ = {
			isa = PBXSourcesBuildPhase;
			buildActionMask = 2147483647;
			files = (
				C7FFED554B602E58869AC239 /* Domain.swift in Sources */,
			);
			runOnlyForDeploymentPostprocessing = 0;
		};
		88F5FEA2C39AA933B9A69855 /* Sources */ = {
			isa = PBXSourcesBuildPhase;
			buildActionMask = 2147483647;
			files = (
				0C3D9F7885839C0933C18F1B /* Persistence.swift in Sources */,
			);
			runOnlyForDeploymentPostprocessing = 0;
		};
		978242DE9CA42ADFDC4A13F2 /* Sources */ = {
			isa = PBXSourcesBuildPhase;
			buildActionMask = 2147483647;
			files = (
				B34B091177A6720A47390834 /* SpendWiseApp.swift in Sources */,
			);
			runOnlyForDeploymentPostprocessing = 0;
		};
		B91DE15FEAB68AFA0E7F5397 /* Sources */ = {
			isa = PBXSourcesBuildPhase;
			buildActionMask = 2147483647;
			files = (
				EA3B3DCE08923A52153CA2D2 /* AccountsUI.swift in Sources */,
			);
			runOnlyForDeploymentPostprocessing = 0;
		};
		C10CB47DEF4049FF2F3AA373 /* Sources */ = {
			isa = PBXSourcesBuildPhase;
			buildActionMask = 2147483647;
			files = (
				EA8989DB34D7D18FD66C83F2 /* AnalysisUI.swift in Sources */,
			);
			runOnlyForDeploymentPostprocessing = 0;
		};
		E3B1EB4DA102538E57E324B7 /* Sources */ = {
			isa = PBXSourcesBuildPhase;
			buildActionMask = 2147483647;
			files = (
				0E20D9E429E4ED3175AB0A99 /* Common.swift in Sources */,
			);
			runOnlyForDeploymentPostprocessing = 0;
		};
		F2D5281C1B1D27D86CB786C3 /* Sources */ = {
			isa = PBXSourcesBuildPhase;
			buildActionMask = 2147483647;
			files = (
				16BA47C70050963254EF7D1E /* Networking.swift in Sources */,
			);
			runOnlyForDeploymentPostprocessing = 0;
		};
/* End PBXSourcesBuildPhase section */

/* Begin PBXTargetDependency section */
		11C7A2CACDBD28739D5EF477 /* PBXTargetDependency */ = {
			isa = PBXTargetDependency;
			target = 24C202B3E470FCBEBAF44286 /* Common */;
			targetProxy = 51F38DEF219FAAD9AEF51DA0 /* PBXContainerItemProxy */;
		};
		197A3151AC4819644274DAD9 /* PBXTargetDependency */ = {
			isa = PBXTargetDependency;
			target = BDDB488A3EA469695AD9B86B /* Persistence */;
			targetProxy = EDE0BB16C3F76C96BABD8C33 /* PBXContainerItemProxy */;
		};
		1DDA5BA0FD4B4EA1EB9F153A /* PBXTargetDependency */ = {
			isa = PBXTargetDependency;
			target = E34B8B34715EA7E4851FD1EC /* UseCases */;
			targetProxy = 0DC268DAAB7FCE1DCA69846E /* PBXContainerItemProxy */;
		};
		1FB5FB4C0ECDBAEDEB8AC239 /* PBXTargetDependency */ = {
			isa = PBXTargetDependency;
			target = 24C202B3E470FCBEBAF44286 /* Common */;
			targetProxy = 323478C4EAD3201A224C895B /* PBXContainerItemProxy */;
		};
		1FE78778BDACF94BDF9FE196 /* PBXTargetDependency */ = {
			isa = PBXTargetDependency;
			target = 4E6A189FEBEC99EC6F07583D /* Domain */;
			targetProxy = 3D4EDE205B07212097EE0429 /* PBXContainerItemProxy */;
		};
		225F4B678457802B1468EC3E /* PBXTargetDependency */ = {
			isa = PBXTargetDependency;
			target = 4E6A189FEBEC99EC6F07583D /* Domain */;
			targetProxy = 992A2BCCB7FFC014EAC67A90 /* PBXContainerItemProxy */;
		};
		28E187B10349A26FB56DBC4B /* PBXTargetDependency */ = {
			isa = PBXTargetDependency;
			target = BDDB488A3EA469695AD9B86B /* Persistence */;
			targetProxy = ED22B957A35EFC8896BEAEC7 /* PBXContainerItemProxy */;
		};
		4249A772DD84EBF0D39B5360 /* PBXTargetDependency */ = {
			isa = PBXTargetDependency;
			target = 108BA9894AD043CBA9CE0A26 /* AnalysisUI */;
			targetProxy = E7ED3C341F7F84E3C86281E2 /* PBXContainerItemProxy */;
		};
		47B6DC5D36056DDF3CA15732 /* PBXTargetDependency */ = {
			isa = PBXTargetDependency;
			target = E34B8B34715EA7E4851FD1EC /* UseCases */;
			targetProxy = EED8B2EF11FAFE73F0D17BDC /* PBXContainerItemProxy */;
		};
		51CB964FD8E8613E751DEFFB /* PBXTargetDependency */ = {
			isa = PBXTargetDependency;
			target = 4E6A189FEBEC99EC6F07583D /* Domain */;
			targetProxy = D8A686D219FC2B966589FB55 /* PBXContainerItemProxy */;
		};
		5F706DE135B2F9F3A70F0656 /* PBXTargetDependency */ = {
			isa = PBXTargetDependency;
			target = 862B030D9072647909974519 /* TransactionsUI */;
			targetProxy = 2ACF3D10928C68FE6FB2A2C8 /* PBXContainerItemProxy */;
		};
		5FAAE8326DB67EAD5D976D57 /* PBXTargetDependency */ = {
			isa = PBXTargetDependency;
			target = 4E6A189FEBEC99EC6F07583D /* Domain */;
			targetProxy = A12ED9803D72D9CA71E8E0EA /* PBXContainerItemProxy */;
		};
		65E49F41B1C622B4AA101643 /* PBXTargetDependency */ = {
			isa = PBXTargetDependency;
			target = E34B8B34715EA7E4851FD1EC /* UseCases */;
			targetProxy = A974ED7B14C7715FEE57C71A /* PBXContainerItemProxy */;
		};
		683A0E046FCA5A3C31E88D4B /* PBXTargetDependency */ = {
			isa = PBXTargetDependency;
			target = 24C202B3E470FCBEBAF44286 /* Common */;
			targetProxy = 10B96CA918A3D018414A695B /* PBXContainerItemProxy */;
		};
		6850BA70C53F2944114D8F46 /* PBXTargetDependency */ = {
			isa = PBXTargetDependency;
			target = E34B8B34715EA7E4851FD1EC /* UseCases */;
			targetProxy = 3F455CC3627FB0B8E63F26F0 /* PBXContainerItemProxy */;
		};
		73463D97E54826E0CC7BF24A /* PBXTargetDependency */ = {
			isa = PBXTargetDependency;
			target = 4E6A189FEBEC99EC6F07583D /* Domain */;
			targetProxy = 5D0AD0A71D5B4FC74C2F7D42 /* PBXContainerItemProxy */;
		};
		82277FB559D07C150575983B /* PBXTargetDependency */ = {
			isa = PBXTargetDependency;
			target = D0E95C5B7016E18C8F2E6724 /* Networking */;
			targetProxy = 069D3882D2C526551B7AC6D1 /* PBXContainerItemProxy */;
		};
		86FBC568F9D12612474CC979 /* PBXTargetDependency */ = {
			isa = PBXTargetDependency;
			target = 24C202B3E470FCBEBAF44286 /* Common */;
			targetProxy = 71A84FE040E67CB58A25B4F8 /* PBXContainerItemProxy */;
		};
		937AEB8284669DF32C701C5D /* PBXTargetDependency */ = {
			isa = PBXTargetDependency;
			target = 2720FEF1EFD013B0B405FBE9 /* CategoriesUI */;
			targetProxy = 07708C48CD32678F4599E9BA /* PBXContainerItemProxy */;
		};
		98C55C6876AB9F92612C1FB2 /* PBXTargetDependency */ = {
			isa = PBXTargetDependency;
			target = 24C202B3E470FCBEBAF44286 /* Common */;
			targetProxy = DFF951E5D7CFE145FE22FA76 /* PBXContainerItemProxy */;
		};
		B12070FDC1703F8F902DE648 /* PBXTargetDependency */ = {
			isa = PBXTargetDependency;
			target = 4E6A189FEBEC99EC6F07583D /* Domain */;
			targetProxy = 4D7B31407F9B6F37B0E55DCD /* PBXContainerItemProxy */;
		};
		B3FDB43D4889DFDB48B5D5D3 /* PBXTargetDependency */ = {
			isa = PBXTargetDependency;
			target = 4E6A189FEBEC99EC6F07583D /* Domain */;
			targetProxy = 755D40E80576C0F61698C86F /* PBXContainerItemProxy */;
		};
		B5720266C133925D75847121 /* PBXTargetDependency */ = {
			isa = PBXTargetDependency;
			target = E34B8B34715EA7E4851FD1EC /* UseCases */;
			targetProxy = E1E3A5E341C428AC229D4A7B /* PBXContainerItemProxy */;
		};
		D26E3A7215B1E0E4B2F03C7D /* PBXTargetDependency */ = {
			isa = PBXTargetDependency;
			target = 4E6A189FEBEC99EC6F07583D /* Domain */;
			targetProxy = 1A4CA5AC54377F29731B9A75 /* PBXContainerItemProxy */;
		};
		D3C0B1804CB19AAC072E1538 /* PBXTargetDependency */ = {
			isa = PBXTargetDependency;
			target = 4E6A189FEBEC99EC6F07583D /* Domain */;
			targetProxy = CD55008107E7B44F191CA088 /* PBXContainerItemProxy */;
		};
		DA5676D2408E04AAB03422F9 /* PBXTargetDependency */ = {
			isa = PBXTargetDependency;
			target = 24C202B3E470FCBEBAF44286 /* Common */;
			targetProxy = D0482C049EB7E5585D462E01 /* PBXContainerItemProxy */;
		};
		E49B6D0DA5E8F8D41087E552 /* PBXTargetDependency */ = {
			isa = PBXTargetDependency;
			target = 780D23386A7D8870DE0FA85A /* SettingsUI */;
			targetProxy = B3B82053B60C0F17EBDD1426 /* PBXContainerItemProxy */;
		};
		F4191C6981D7E807A9DD6023 /* PBXTargetDependency */ = {
			isa = PBXTargetDependency;
			target = D0E95C5B7016E18C8F2E6724 /* Networking */;
			targetProxy = C987ED9258F85BD918E77561 /* PBXContainerItemProxy */;
		};
		F9884CB775CAD368FE238DE4 /* PBXTargetDependency */ = {
			isa = PBXTargetDependency;
			target = 5D4904DDF108AFAFB2E019B8 /* AccountsUI */;
			targetProxy = AD23674B3F03FE8D633DED92 /* PBXContainerItemProxy */;
		};
/* End PBXTargetDependency section */

/* Begin XCBuildConfiguration section */
		07F32069789E2919DE9E7765 /* Release */ = {
			isa = XCBuildConfiguration;
			buildSettings = {
				CODE_SIGN_IDENTITY = "";
				CURRENT_PROJECT_VERSION = 1;
				DEFINES_MODULE = YES;
				DYLIB_COMPATIBILITY_VERSION = 1;
				DYLIB_CURRENT_VERSION = 1;
				DYLIB_INSTALL_NAME_BASE = "@rpath";
				INFOPLIST_FILE = Modules/UI/AppEntry/Info.plist;
				INSTALL_PATH = "$(LOCAL_LIBRARY_DIR)/Frameworks";
				IPHONEOS_DEPLOYMENT_TARGET = 18.0;
				LD_RUNPATH_SEARCH_PATHS = (
					"$(inherited)",
					"@executable_path/Frameworks",
				);
				PRODUCT_BUNDLE_IDENTIFIER = KV.Lyashenko.SpendWise.TransactionsUI;
				PRODUCT_NAME = TransactionsUI;
				SDKROOT = iphoneos;
				SKIP_INSTALL = YES;
				SWIFT_VERSION = 5.0;
				TARGETED_DEVICE_FAMILY = "1,2";
				VERSIONING_SYSTEM = "apple-generic";
			};
			name = Release;
		};
		0CA23058E1CAAA1544BFF0A6 /* Release */ = {
			isa = XCBuildConfiguration;
			buildSettings = {
				CODE_SIGN_IDENTITY = "";
				CURRENT_PROJECT_VERSION = 1;
				DEFINES_MODULE = YES;
				DYLIB_COMPATIBILITY_VERSION = 1;
				DYLIB_CURRENT_VERSION = 1;
				DYLIB_INSTALL_NAME_BASE = "@rpath";
				INFOPLIST_FILE = Modules/UI/AppEntry/Info.plist;
				INSTALL_PATH = "$(LOCAL_LIBRARY_DIR)/Frameworks";
				IPHONEOS_DEPLOYMENT_TARGET = 18.0;
				LD_RUNPATH_SEARCH_PATHS = (
					"$(inherited)",
					"@executable_path/Frameworks",
				);
				PRODUCT_BUNDLE_IDENTIFIER = KV.Lyashenko.SpendWise.Persistence;
				PRODUCT_NAME = Persistence;
				SDKROOT = iphoneos;
				SKIP_INSTALL = YES;
				SWIFT_VERSION = 5.0;
				TARGETED_DEVICE_FAMILY = "1,2";
				VERSIONING_SYSTEM = "apple-generic";
			};
			name = Release;
		};
		163D965BDB109DD1EB565DEE /* Debug */ = {
			isa = XCBuildConfiguration;
			buildSettings = {
				CODE_SIGN_IDENTITY = "";
				CURRENT_PROJECT_VERSION = 1;
				DEFINES_MODULE = YES;
				DYLIB_COMPATIBILITY_VERSION = 1;
				DYLIB_CURRENT_VERSION = 1;
				DYLIB_INSTALL_NAME_BASE = "@rpath";
				INFOPLIST_FILE = Modules/UI/AppEntry/Info.plist;
				INSTALL_PATH = "$(LOCAL_LIBRARY_DIR)/Frameworks";
				IPHONEOS_DEPLOYMENT_TARGET = 18.0;
				LD_RUNPATH_SEARCH_PATHS = (
					"$(inherited)",
					"@executable_path/Frameworks",
				);
				PRODUCT_BUNDLE_IDENTIFIER = KV.Lyashenko.SpendWise.Persistence;
				PRODUCT_NAME = Persistence;
				SDKROOT = iphoneos;
				SKIP_INSTALL = YES;
				SWIFT_VERSION = 5.0;
				TARGETED_DEVICE_FAMILY = "1,2";
				VERSIONING_SYSTEM = "apple-generic";
			};
			name = Debug;
		};
		187FEAC164E1C749D44A9237 /* Debug */ = {
			isa = XCBuildConfiguration;
			buildSettings = {
				CODE_SIGN_IDENTITY = "";
				CURRENT_PROJECT_VERSION = 1;
				DEFINES_MODULE = YES;
				DYLIB_COMPATIBILITY_VERSION = 1;
				DYLIB_CURRENT_VERSION = 1;
				DYLIB_INSTALL_NAME_BASE = "@rpath";
				INFOPLIST_FILE = Modules/UI/AppEntry/Info.plist;
				INSTALL_PATH = "$(LOCAL_LIBRARY_DIR)/Frameworks";
				IPHONEOS_DEPLOYMENT_TARGET = 18.0;
				LD_RUNPATH_SEARCH_PATHS = (
					"$(inherited)",
					"@executable_path/Frameworks",
				);
				PRODUCT_BUNDLE_IDENTIFIER = KV.Lyashenko.SpendWise.UseCases;
				PRODUCT_NAME = UseCases;
				SDKROOT = iphoneos;
				SKIP_INSTALL = YES;
				SWIFT_VERSION = 5.0;
				TARGETED_DEVICE_FAMILY = "1,2";
				VERSIONING_SYSTEM = "apple-generic";
			};
			name = Debug;
		};
		32108AD8D0E86AA9477AAEC3 /* Debug */ = {
			isa = XCBuildConfiguration;
			buildSettings = {
				ASSETCATALOG_COMPILER_APPICON_NAME = AppIcon;
				CODE_SIGN_IDENTITY = "iPhone Developer";
				INFOPLIST_FILE = Modules/UI/AppEntry/Info.plist;
				IPHONEOS_DEPLOYMENT_TARGET = 18.0;
				LD_RUNPATH_SEARCH_PATHS = (
					"$(inherited)",
					"@executable_path/Frameworks",
				);
				PRODUCT_BUNDLE_IDENTIFIER = KV.Lyashenko.SpendWise;
				SDKROOT = iphoneos;
				TARGETED_DEVICE_FAMILY = "1,2";
				UISupportedInterfaceOrientations = (
					UIInterfaceOrientationPortrait,
				);
			};
			name = Debug;
		};
		3884EE348C6335319989D2C2 /* Release */ = {
			isa = XCBuildConfiguration;
			buildSettings = {
				CODE_SIGN_IDENTITY = "";
				CURRENT_PROJECT_VERSION = 1;
				DEFINES_MODULE = YES;
				DYLIB_COMPATIBILITY_VERSION = 1;
				DYLIB_CURRENT_VERSION = 1;
				DYLIB_INSTALL_NAME_BASE = "@rpath";
				INFOPLIST_FILE = Modules/UI/AppEntry/Info.plist;
				INSTALL_PATH = "$(LOCAL_LIBRARY_DIR)/Frameworks";
				IPHONEOS_DEPLOYMENT_TARGET = 18.0;
				LD_RUNPATH_SEARCH_PATHS = (
					"$(inherited)",
					"@executable_path/Frameworks",
				);
				PRODUCT_BUNDLE_IDENTIFIER = KV.Lyashenko.SpendWise.AccountsUI;
				PRODUCT_NAME = AccountsUI;
				SDKROOT = iphoneos;
				SKIP_INSTALL = YES;
				SWIFT_VERSION = 5.0;
				TARGETED_DEVICE_FAMILY = "1,2";
				VERSIONING_SYSTEM = "apple-generic";
			};
			name = Release;
		};
		422F8E369EB1A22ABE3EF3DE /* Debug */ = {
			isa = XCBuildConfiguration;
			buildSettings = {
				CODE_SIGN_IDENTITY = "";
				CURRENT_PROJECT_VERSION = 1;
				DEFINES_MODULE = YES;
				DYLIB_COMPATIBILITY_VERSION = 1;
				DYLIB_CURRENT_VERSION = 1;
				DYLIB_INSTALL_NAME_BASE = "@rpath";
				INFOPLIST_FILE = Modules/UI/AppEntry/Info.plist;
				INSTALL_PATH = "$(LOCAL_LIBRARY_DIR)/Frameworks";
				IPHONEOS_DEPLOYMENT_TARGET = 18.0;
				LD_RUNPATH_SEARCH_PATHS = (
					"$(inherited)",
					"@executable_path/Frameworks",
				);
				PRODUCT_BUNDLE_IDENTIFIER = KV.Lyashenko.SpendWise.Common;
				PRODUCT_NAME = Common;
				SDKROOT = iphoneos;
				SKIP_INSTALL = YES;
				SWIFT_VERSION = 5.0;
				TARGETED_DEVICE_FAMILY = "1,2";
				VERSIONING_SYSTEM = "apple-generic";
			};
			name = Debug;
		};
		4F06ABC969A786A024D9A3DE /* Release */ = {
			isa = XCBuildConfiguration;
			buildSettings = {
				ASSETCATALOG_COMPILER_APPICON_NAME = AppIcon;
				CODE_SIGN_IDENTITY = "iPhone Developer";
				INFOPLIST_FILE = Modules/UI/AppEntry/Info.plist;
				IPHONEOS_DEPLOYMENT_TARGET = 18.0;
				LD_RUNPATH_SEARCH_PATHS = (
					"$(inherited)",
					"@executable_path/Frameworks",
				);
				PRODUCT_BUNDLE_IDENTIFIER = KV.Lyashenko.SpendWise;
				SDKROOT = iphoneos;
				TARGETED_DEVICE_FAMILY = "1,2";
				UISupportedInterfaceOrientations = (
					UIInterfaceOrientationPortrait,
				);
			};
			name = Release;
		};
		6C3FAC0A904D74E4BD5109D4 /* Debug */ = {
			isa = XCBuildConfiguration;
			buildSettings = {
				ALWAYS_SEARCH_USER_PATHS = NO;
				CLANG_ANALYZER_NONNULL = YES;
				CLANG_ANALYZER_NUMBER_OBJECT_CONVERSION = YES_AGGRESSIVE;
				CLANG_CXX_LANGUAGE_STANDARD = "gnu++14";
				CLANG_CXX_LIBRARY = "libc++";
				CLANG_ENABLE_MODULES = YES;
				CLANG_ENABLE_OBJC_ARC = YES;
				CLANG_ENABLE_OBJC_WEAK = YES;
				CLANG_WARN_BLOCK_CAPTURE_AUTORELEASING = YES;
				CLANG_WARN_BOOL_CONVERSION = YES;
				CLANG_WARN_COMMA = YES;
				CLANG_WARN_CONSTANT_CONVERSION = YES;
				CLANG_WARN_DEPRECATED_OBJC_IMPLEMENTATIONS = YES;
				CLANG_WARN_DIRECT_OBJC_ISA_USAGE = YES_ERROR;
				CLANG_WARN_DOCUMENTATION_COMMENTS = YES;
				CLANG_WARN_EMPTY_BODY = YES;
				CLANG_WARN_ENUM_CONVERSION = YES;
				CLANG_WARN_INFINITE_RECURSION = YES;
				CLANG_WARN_INT_CONVERSION = YES;
				CLANG_WARN_NON_LITERAL_NULL_CONVERSION = YES;
				CLANG_WARN_OBJC_IMPLICIT_RETAIN_SELF = YES;
				CLANG_WARN_OBJC_LITERAL_CONVERSION = YES;
				CLANG_WARN_OBJC_ROOT_CLASS = YES_ERROR;
				CLANG_WARN_QUOTED_INCLUDE_IN_FRAMEWORK_HEADER = YES;
				CLANG_WARN_RANGE_LOOP_ANALYSIS = YES;
				CLANG_WARN_STRICT_PROTOTYPES = YES;
				CLANG_WARN_SUSPICIOUS_MOVE = YES;
				CLANG_WARN_UNGUARDED_AVAILABILITY = YES_AGGRESSIVE;
				CLANG_WARN_UNREACHABLE_CODE = YES;
				CLANG_WARN__DUPLICATE_METHOD_MATCH = YES;
				CODE_SIGN_STYLE = Automatic;
				COPY_PHASE_STRIP = NO;
				DEBUG_INFORMATION_FORMAT = dwarf;
				ENABLE_STRICT_OBJC_MSGSEND = YES;
				ENABLE_TESTABILITY = YES;
				GCC_C_LANGUAGE_STANDARD = gnu11;
				GCC_DYNAMIC_NO_PIC = NO;
				GCC_NO_COMMON_BLOCKS = YES;
				GCC_OPTIMIZATION_LEVEL = 0;
				GCC_PREPROCESSOR_DEFINITIONS = (
					"$(inherited)",
					"DEBUG=1",
				);
				GCC_WARN_64_TO_32_BIT_CONVERSION = YES;
				GCC_WARN_ABOUT_RETURN_TYPE = YES_ERROR;
				GCC_WARN_UNDECLARED_SELECTOR = YES;
				GCC_WARN_UNINITIALIZED_AUTOS = YES_AGGRESSIVE;
				GCC_WARN_UNUSED_FUNCTION = YES;
				GCC_WARN_UNUSED_VARIABLE = YES;
				MTL_ENABLE_DEBUG_INFO = INCLUDE_SOURCE;
				MTL_FAST_MATH = YES;
				ONLY_ACTIVE_ARCH = YES;
				PRODUCT_NAME = "$(TARGET_NAME)";
				SDKROOT = iphoneos;
				SWIFT_ACTIVE_COMPILATION_CONDITIONS = DEBUG;
				SWIFT_OPTIMIZATION_LEVEL = "-Onone";
				SWIFT_VERSION = 5.0;
			};
			name = Debug;
		};
		7758B4949F579696EC0C117D /* Debug */ = {
			isa = XCBuildConfiguration;
			buildSettings = {
				CODE_SIGN_IDENTITY = "";
				CURRENT_PROJECT_VERSION = 1;
				DEFINES_MODULE = YES;
				DYLIB_COMPATIBILITY_VERSION = 1;
				DYLIB_CURRENT_VERSION = 1;
				DYLIB_INSTALL_NAME_BASE = "@rpath";
				INFOPLIST_FILE = Modules/UI/AppEntry/Info.plist;
				INSTALL_PATH = "$(LOCAL_LIBRARY_DIR)/Frameworks";
				IPHONEOS_DEPLOYMENT_TARGET = 18.0;
				LD_RUNPATH_SEARCH_PATHS = (
					"$(inherited)",
					"@executable_path/Frameworks",
				);
				PRODUCT_BUNDLE_IDENTIFIER = KV.Lyashenko.SpendWise.AnalysisUI;
				PRODUCT_NAME = AnalysisUI;
				SDKROOT = iphoneos;
				SKIP_INSTALL = YES;
				SWIFT_VERSION = 5.0;
				TARGETED_DEVICE_FAMILY = "1,2";
				VERSIONING_SYSTEM = "apple-generic";
			};
			name = Debug;
		};
		8432AB90C355DA3491C753E5 /* Release */ = {
			isa = XCBuildConfiguration;
			buildSettings = {
				CODE_SIGN_IDENTITY = "";
				CURRENT_PROJECT_VERSION = 1;
				DEFINES_MODULE = YES;
				DYLIB_COMPATIBILITY_VERSION = 1;
				DYLIB_CURRENT_VERSION = 1;
				DYLIB_INSTALL_NAME_BASE = "@rpath";
				INFOPLIST_FILE = Modules/UI/AppEntry/Info.plist;
				INSTALL_PATH = "$(LOCAL_LIBRARY_DIR)/Frameworks";
				IPHONEOS_DEPLOYMENT_TARGET = 18.0;
				LD_RUNPATH_SEARCH_PATHS = (
					"$(inherited)",
					"@executable_path/Frameworks",
				);
				PRODUCT_BUNDLE_IDENTIFIER = KV.Lyashenko.SpendWise.SettingsUI;
				PRODUCT_NAME = SettingsUI;
				SDKROOT = iphoneos;
				SKIP_INSTALL = YES;
				SWIFT_VERSION = 5.0;
				TARGETED_DEVICE_FAMILY = "1,2";
				VERSIONING_SYSTEM = "apple-generic";
			};
			name = Release;
		};
		885FAFE6A29AE9FFC8BBFDD3 /* Debug */ = {
			isa = XCBuildConfiguration;
			buildSettings = {
				CODE_SIGN_IDENTITY = "";
				CURRENT_PROJECT_VERSION = 1;
				DEFINES_MODULE = YES;
				DYLIB_COMPATIBILITY_VERSION = 1;
				DYLIB_CURRENT_VERSION = 1;
				DYLIB_INSTALL_NAME_BASE = "@rpath";
				INFOPLIST_FILE = Modules/UI/AppEntry/Info.plist;
				INSTALL_PATH = "$(LOCAL_LIBRARY_DIR)/Frameworks";
				IPHONEOS_DEPLOYMENT_TARGET = 18.0;
				LD_RUNPATH_SEARCH_PATHS = (
					"$(inherited)",
					"@executable_path/Frameworks",
				);
				PRODUCT_BUNDLE_IDENTIFIER = KV.Lyashenko.SpendWise.CategoriesUI;
				PRODUCT_NAME = CategoriesUI;
				SDKROOT = iphoneos;
				SKIP_INSTALL = YES;
				SWIFT_VERSION = 5.0;
				TARGETED_DEVICE_FAMILY = "1,2";
				VERSIONING_SYSTEM = "apple-generic";
			};
			name = Debug;
		};
		8FBF80E5AB69B6ABE65779D7 /* Release */ = {
			isa = XCBuildConfiguration;
			buildSettings = {
				CODE_SIGN_IDENTITY = "";
				CURRENT_PROJECT_VERSION = 1;
				DEFINES_MODULE = YES;
				DYLIB_COMPATIBILITY_VERSION = 1;
				DYLIB_CURRENT_VERSION = 1;
				DYLIB_INSTALL_NAME_BASE = "@rpath";
				INFOPLIST_FILE = Modules/UI/AppEntry/Info.plist;
				INSTALL_PATH = "$(LOCAL_LIBRARY_DIR)/Frameworks";
				IPHONEOS_DEPLOYMENT_TARGET = 18.0;
				LD_RUNPATH_SEARCH_PATHS = (
					"$(inherited)",
					"@executable_path/Frameworks",
				);
				PRODUCT_BUNDLE_IDENTIFIER = KV.Lyashenko.SpendWise.Common;
				PRODUCT_NAME = Common;
				SDKROOT = iphoneos;
				SKIP_INSTALL = YES;
				SWIFT_VERSION = 5.0;
				TARGETED_DEVICE_FAMILY = "1,2";
				VERSIONING_SYSTEM = "apple-generic";
			};
			name = Release;
		};
		91A09BD2EA66BAF7340C3AF7 /* Release */ = {
			isa = XCBuildConfiguration;
			buildSettings = {
				CODE_SIGN_IDENTITY = "";
				CURRENT_PROJECT_VERSION = 1;
				DEFINES_MODULE = YES;
				DYLIB_COMPATIBILITY_VERSION = 1;
				DYLIB_CURRENT_VERSION = 1;
				DYLIB_INSTALL_NAME_BASE = "@rpath";
				INFOPLIST_FILE = Modules/UI/AppEntry/Info.plist;
				INSTALL_PATH = "$(LOCAL_LIBRARY_DIR)/Frameworks";
				IPHONEOS_DEPLOYMENT_TARGET = 18.0;
				LD_RUNPATH_SEARCH_PATHS = (
					"$(inherited)",
					"@executable_path/Frameworks",
				);
				PRODUCT_BUNDLE_IDENTIFIER = KV.Lyashenko.SpendWise.Networking;
				PRODUCT_NAME = Networking;
				SDKROOT = iphoneos;
				SKIP_INSTALL = YES;
				SWIFT_VERSION = 5.0;
				TARGETED_DEVICE_FAMILY = "1,2";
				VERSIONING_SYSTEM = "apple-generic";
			};
			name = Release;
		};
		95D051CBAA29461C517DB14B /* Debug */ = {
			isa = XCBuildConfiguration;
			buildSettings = {
				CODE_SIGN_IDENTITY = "";
				CURRENT_PROJECT_VERSION = 1;
				DEFINES_MODULE = YES;
				DYLIB_COMPATIBILITY_VERSION = 1;
				DYLIB_CURRENT_VERSION = 1;
				DYLIB_INSTALL_NAME_BASE = "@rpath";
				INFOPLIST_FILE = Modules/UI/AppEntry/Info.plist;
				INSTALL_PATH = "$(LOCAL_LIBRARY_DIR)/Frameworks";
				IPHONEOS_DEPLOYMENT_TARGET = 18.0;
				LD_RUNPATH_SEARCH_PATHS = (
					"$(inherited)",
					"@executable_path/Frameworks",
				);
				PRODUCT_BUNDLE_IDENTIFIER = KV.Lyashenko.SpendWise.AccountsUI;
				PRODUCT_NAME = AccountsUI;
				SDKROOT = iphoneos;
				SKIP_INSTALL = YES;
				SWIFT_VERSION = 5.0;
				TARGETED_DEVICE_FAMILY = "1,2";
				VERSIONING_SYSTEM = "apple-generic";
			};
			name = Debug;
		};
		9A91731D04159ED6B4249827 /* Release */ = {
			isa = XCBuildConfiguration;
			buildSettings = {
				CODE_SIGN_IDENTITY = "";
				CURRENT_PROJECT_VERSION = 1;
				DEFINES_MODULE = YES;
				DYLIB_COMPATIBILITY_VERSION = 1;
				DYLIB_CURRENT_VERSION = 1;
				DYLIB_INSTALL_NAME_BASE = "@rpath";
				INFOPLIST_FILE = Modules/UI/AppEntry/Info.plist;
				INSTALL_PATH = "$(LOCAL_LIBRARY_DIR)/Frameworks";
				IPHONEOS_DEPLOYMENT_TARGET = 18.0;
				LD_RUNPATH_SEARCH_PATHS = (
					"$(inherited)",
					"@executable_path/Frameworks",
				);
				PRODUCT_BUNDLE_IDENTIFIER = KV.Lyashenko.SpendWise.CategoriesUI;
				PRODUCT_NAME = CategoriesUI;
				SDKROOT = iphoneos;
				SKIP_INSTALL = YES;
				SWIFT_VERSION = 5.0;
				TARGETED_DEVICE_FAMILY = "1,2";
				VERSIONING_SYSTEM = "apple-generic";
			};
			name = Release;
		};
		9C629F9AC900F9F10F4A68C0 /* Debug */ = {
			isa = XCBuildConfiguration;
			buildSettings = {
				CODE_SIGN_IDENTITY = "";
				CURRENT_PROJECT_VERSION = 1;
				DEFINES_MODULE = YES;
				DYLIB_COMPATIBILITY_VERSION = 1;
				DYLIB_CURRENT_VERSION = 1;
				DYLIB_INSTALL_NAME_BASE = "@rpath";
				INFOPLIST_FILE = Modules/UI/AppEntry/Info.plist;
				INSTALL_PATH = "$(LOCAL_LIBRARY_DIR)/Frameworks";
				IPHONEOS_DEPLOYMENT_TARGET = 18.0;
				LD_RUNPATH_SEARCH_PATHS = (
					"$(inherited)",
					"@executable_path/Frameworks",
				);
				PRODUCT_BUNDLE_IDENTIFIER = KV.Lyashenko.SpendWise.Networking;
				PRODUCT_NAME = Networking;
				SDKROOT = iphoneos;
				SKIP_INSTALL = YES;
				SWIFT_VERSION = 5.0;
				TARGETED_DEVICE_FAMILY = "1,2";
				VERSIONING_SYSTEM = "apple-generic";
			};
			name = Debug;
		};
		AF5986C2CC1C4C3DEFE10C87 /* Release */ = {
			isa = XCBuildConfiguration;
			buildSettings = {
				ALWAYS_SEARCH_USER_PATHS = NO;
				CLANG_ANALYZER_NONNULL = YES;
				CLANG_ANALYZER_NUMBER_OBJECT_CONVERSION = YES_AGGRESSIVE;
				CLANG_CXX_LANGUAGE_STANDARD = "gnu++14";
				CLANG_CXX_LIBRARY = "libc++";
				CLANG_ENABLE_MODULES = YES;
				CLANG_ENABLE_OBJC_ARC = YES;
				CLANG_ENABLE_OBJC_WEAK = YES;
				CLANG_WARN_BLOCK_CAPTURE_AUTORELEASING = YES;
				CLANG_WARN_BOOL_CONVERSION = YES;
				CLANG_WARN_COMMA = YES;
				CLANG_WARN_CONSTANT_CONVERSION = YES;
				CLANG_WARN_DEPRECATED_OBJC_IMPLEMENTATIONS = YES;
				CLANG_WARN_DIRECT_OBJC_ISA_USAGE = YES_ERROR;
				CLANG_WARN_DOCUMENTATION_COMMENTS = YES;
				CLANG_WARN_EMPTY_BODY = YES;
				CLANG_WARN_ENUM_CONVERSION = YES;
				CLANG_WARN_INFINITE_RECURSION = YES;
				CLANG_WARN_INT_CONVERSION = YES;
				CLANG_WARN_NON_LITERAL_NULL_CONVERSION = YES;
				CLANG_WARN_OBJC_IMPLICIT_RETAIN_SELF = YES;
				CLANG_WARN_OBJC_LITERAL_CONVERSION = YES;
				CLANG_WARN_OBJC_ROOT_CLASS = YES_ERROR;
				CLANG_WARN_QUOTED_INCLUDE_IN_FRAMEWORK_HEADER = YES;
				CLANG_WARN_RANGE_LOOP_ANALYSIS = YES;
				CLANG_WARN_STRICT_PROTOTYPES = YES;
				CLANG_WARN_SUSPICIOUS_MOVE = YES;
				CLANG_WARN_UNGUARDED_AVAILABILITY = YES_AGGRESSIVE;
				CLANG_WARN_UNREACHABLE_CODE = YES;
				CLANG_WARN__DUPLICATE_METHOD_MATCH = YES;
				CODE_SIGN_STYLE = Automatic;
				COPY_PHASE_STRIP = NO;
				DEBUG_INFORMATION_FORMAT = "dwarf-with-dsym";
				ENABLE_NS_ASSERTIONS = NO;
				ENABLE_STRICT_OBJC_MSGSEND = YES;
				GCC_C_LANGUAGE_STANDARD = gnu11;
				GCC_NO_COMMON_BLOCKS = YES;
				GCC_WARN_64_TO_32_BIT_CONVERSION = YES;
				GCC_WARN_ABOUT_RETURN_TYPE = YES_ERROR;
				GCC_WARN_UNDECLARED_SELECTOR = YES;
				GCC_WARN_UNINITIALIZED_AUTOS = YES_AGGRESSIVE;
				GCC_WARN_UNUSED_FUNCTION = YES;
				GCC_WARN_UNUSED_VARIABLE = YES;
				MTL_ENABLE_DEBUG_INFO = NO;
				MTL_FAST_MATH = YES;
				PRODUCT_NAME = "$(TARGET_NAME)";
				SDKROOT = iphoneos;
				SWIFT_COMPILATION_MODE = wholemodule;
				SWIFT_OPTIMIZATION_LEVEL = "-O";
				SWIFT_VERSION = 5.0;
			};
			name = Release;
		};
		D859BA410BA64ACE0150A32B /* Release */ = {
			isa = XCBuildConfiguration;
			buildSettings = {
				CODE_SIGN_IDENTITY = "";
				CURRENT_PROJECT_VERSION = 1;
				DEFINES_MODULE = YES;
				DYLIB_COMPATIBILITY_VERSION = 1;
				DYLIB_CURRENT_VERSION = 1;
				DYLIB_INSTALL_NAME_BASE = "@rpath";
				INFOPLIST_FILE = Modules/UI/AppEntry/Info.plist;
				INSTALL_PATH = "$(LOCAL_LIBRARY_DIR)/Frameworks";
				IPHONEOS_DEPLOYMENT_TARGET = 18.0;
				LD_RUNPATH_SEARCH_PATHS = (
					"$(inherited)",
					"@executable_path/Frameworks",
				);
				PRODUCT_BUNDLE_IDENTIFIER = KV.Lyashenko.SpendWise.AnalysisUI;
				PRODUCT_NAME = AnalysisUI;
				SDKROOT = iphoneos;
				SKIP_INSTALL = YES;
				SWIFT_VERSION = 5.0;
				TARGETED_DEVICE_FAMILY = "1,2";
				VERSIONING_SYSTEM = "apple-generic";
			};
			name = Release;
		};
		E03205BE9D1CB267C1F14A8B /* Debug */ = {
			isa = XCBuildConfiguration;
			buildSettings = {
				CODE_SIGN_IDENTITY = "";
				CURRENT_PROJECT_VERSION = 1;
				DEFINES_MODULE = YES;
				DYLIB_COMPATIBILITY_VERSION = 1;
				DYLIB_CURRENT_VERSION = 1;
				DYLIB_INSTALL_NAME_BASE = "@rpath";
				INFOPLIST_FILE = Modules/UI/AppEntry/Info.plist;
				INSTALL_PATH = "$(LOCAL_LIBRARY_DIR)/Frameworks";
				IPHONEOS_DEPLOYMENT_TARGET = 18.0;
				LD_RUNPATH_SEARCH_PATHS = (
					"$(inherited)",
					"@executable_path/Frameworks",
				);
				PRODUCT_BUNDLE_IDENTIFIER = KV.Lyashenko.SpendWise.SettingsUI;
				PRODUCT_NAME = SettingsUI;
				SDKROOT = iphoneos;
				SKIP_INSTALL = YES;
				SWIFT_VERSION = 5.0;
				TARGETED_DEVICE_FAMILY = "1,2";
				VERSIONING_SYSTEM = "apple-generic";
			};
			name = Debug;
		};
		E68A5BA6FB50A633AB5DB1BF /* Release */ = {
			isa = XCBuildConfiguration;
			buildSettings = {
				CODE_SIGN_IDENTITY = "";
				CURRENT_PROJECT_VERSION = 1;
				DEFINES_MODULE = YES;
				DYLIB_COMPATIBILITY_VERSION = 1;
				DYLIB_CURRENT_VERSION = 1;
				DYLIB_INSTALL_NAME_BASE = "@rpath";
				INFOPLIST_FILE = Modules/UI/AppEntry/Info.plist;
				INSTALL_PATH = "$(LOCAL_LIBRARY_DIR)/Frameworks";
				IPHONEOS_DEPLOYMENT_TARGET = 18.0;
				LD_RUNPATH_SEARCH_PATHS = (
					"$(inherited)",
					"@executable_path/Frameworks",
				);
				PRODUCT_BUNDLE_IDENTIFIER = KV.Lyashenko.SpendWise.Domain;
				PRODUCT_NAME = Domain;
				SDKROOT = iphoneos;
				SKIP_INSTALL = YES;
				SWIFT_VERSION = 5.0;
				TARGETED_DEVICE_FAMILY = "1,2";
				VERSIONING_SYSTEM = "apple-generic";
			};
			name = Release;
		};
		E793BAA5D1E6E4C791A47B96 /* Debug */ = {
			isa = XCBuildConfiguration;
			buildSettings = {
				CODE_SIGN_IDENTITY = "";
				CURRENT_PROJECT_VERSION = 1;
				DEFINES_MODULE = YES;
				DYLIB_COMPATIBILITY_VERSION = 1;
				DYLIB_CURRENT_VERSION = 1;
				DYLIB_INSTALL_NAME_BASE = "@rpath";
				INFOPLIST_FILE = Modules/UI/AppEntry/Info.plist;
				INSTALL_PATH = "$(LOCAL_LIBRARY_DIR)/Frameworks";
				IPHONEOS_DEPLOYMENT_TARGET = 18.0;
				LD_RUNPATH_SEARCH_PATHS = (
					"$(inherited)",
					"@executable_path/Frameworks",
				);
				PRODUCT_BUNDLE_IDENTIFIER = KV.Lyashenko.SpendWise.Domain;
				PRODUCT_NAME = Domain;
				SDKROOT = iphoneos;
				SKIP_INSTALL = YES;
				SWIFT_VERSION = 5.0;
				TARGETED_DEVICE_FAMILY = "1,2";
				VERSIONING_SYSTEM = "apple-generic";
			};
			name = Debug;
		};
		EE83FB445E2142DE02808D90 /* Debug */ = {
			isa = XCBuildConfiguration;
			buildSettings = {
				CODE_SIGN_IDENTITY = "";
				CURRENT_PROJECT_VERSION = 1;
				DEFINES_MODULE = YES;
				DYLIB_COMPATIBILITY_VERSION = 1;
				DYLIB_CURRENT_VERSION = 1;
				DYLIB_INSTALL_NAME_BASE = "@rpath";
				INFOPLIST_FILE = Modules/UI/AppEntry/Info.plist;
				INSTALL_PATH = "$(LOCAL_LIBRARY_DIR)/Frameworks";
				IPHONEOS_DEPLOYMENT_TARGET = 18.0;
				LD_RUNPATH_SEARCH_PATHS = (
					"$(inherited)",
					"@executable_path/Frameworks",
				);
				PRODUCT_BUNDLE_IDENTIFIER = KV.Lyashenko.SpendWise.TransactionsUI;
				PRODUCT_NAME = TransactionsUI;
				SDKROOT = iphoneos;
				SKIP_INSTALL = YES;
				SWIFT_VERSION = 5.0;
				TARGETED_DEVICE_FAMILY = "1,2";
				VERSIONING_SYSTEM = "apple-generic";
			};
			name = Debug;
		};
		FA740DE38F4AA719E22235D4 /* Release */ = {
			isa = XCBuildConfiguration;
			buildSettings = {
				CODE_SIGN_IDENTITY = "";
				CURRENT_PROJECT_VERSION = 1;
				DEFINES_MODULE = YES;
				DYLIB_COMPATIBILITY_VERSION = 1;
				DYLIB_CURRENT_VERSION = 1;
				DYLIB_INSTALL_NAME_BASE = "@rpath";
				INFOPLIST_FILE = Modules/UI/AppEntry/Info.plist;
				INSTALL_PATH = "$(LOCAL_LIBRARY_DIR)/Frameworks";
				IPHONEOS_DEPLOYMENT_TARGET = 18.0;
				LD_RUNPATH_SEARCH_PATHS = (
					"$(inherited)",
					"@executable_path/Frameworks",
				);
				PRODUCT_BUNDLE_IDENTIFIER = KV.Lyashenko.SpendWise.UseCases;
				PRODUCT_NAME = UseCases;
				SDKROOT = iphoneos;
				SKIP_INSTALL = YES;
				SWIFT_VERSION = 5.0;
				TARGETED_DEVICE_FAMILY = "1,2";
				VERSIONING_SYSTEM = "apple-generic";
			};
			name = Release;
		};
/* End XCBuildConfiguration section */

/* Begin XCConfigurationList section */
		0588285240F2AA9D332D4EB9 /* Build configuration list for PBXProject "SpendWise" */ = {
			isa = XCConfigurationList;
			buildConfigurations = (
				6C3FAC0A904D74E4BD5109D4 /* Debug */,
				AF5986C2CC1C4C3DEFE10C87 /* Release */,
			);
			defaultConfigurationIsVisible = 0;
			defaultConfigurationName = Debug;
		};
		0C8A50EAD9CA0DAB893646F3 /* Build configuration list for PBXNativeTarget "AnalysisUI" */ = {
			isa = XCConfigurationList;
			buildConfigurations = (
				7758B4949F579696EC0C117D /* Debug */,
				D859BA410BA64ACE0150A32B /* Release */,
			);
			defaultConfigurationIsVisible = 0;
			defaultConfigurationName = Debug;
		};
		1A7B856F68E3ED1B87BE49C4 /* Build configuration list for PBXNativeTarget "TransactionsUI" */ = {
			isa = XCConfigurationList;
			buildConfigurations = (
				EE83FB445E2142DE02808D90 /* Debug */,
				07F32069789E2919DE9E7765 /* Release */,
			);
			defaultConfigurationIsVisible = 0;
			defaultConfigurationName = Debug;
		};
		5FE692B5D7C697E8F43554B3 /* Build configuration list for PBXNativeTarget "UseCases" */ = {
			isa = XCConfigurationList;
			buildConfigurations = (
				187FEAC164E1C749D44A9237 /* Debug */,
				FA740DE38F4AA719E22235D4 /* Release */,
			);
			defaultConfigurationIsVisible = 0;
			defaultConfigurationName = Debug;
		};
		6891C39A24F02852A381656D /* Build configuration list for PBXNativeTarget "SettingsUI" */ = {
			isa = XCConfigurationList;
			buildConfigurations = (
				E03205BE9D1CB267C1F14A8B /* Debug */,
				8432AB90C355DA3491C753E5 /* Release */,
			);
			defaultConfigurationIsVisible = 0;
			defaultConfigurationName = Debug;
		};
		6D9C23CE5FD080783DB705F1 /* Build configuration list for PBXNativeTarget "Common" */ = {
			isa = XCConfigurationList;
			buildConfigurations = (
				422F8E369EB1A22ABE3EF3DE /* Debug */,
				8FBF80E5AB69B6ABE65779D7 /* Release */,
			);
			defaultConfigurationIsVisible = 0;
			defaultConfigurationName = Debug;
		};
		83E519BEE57BD2448A7547ED /* Build configuration list for PBXNativeTarget "CategoriesUI" */ = {
			isa = XCConfigurationList;
			buildConfigurations = (
				885FAFE6A29AE9FFC8BBFDD3 /* Debug */,
				9A91731D04159ED6B4249827 /* Release */,
			);
			defaultConfigurationIsVisible = 0;
			defaultConfigurationName = Debug;
		};
		9AD7E602684F7F60A3726442 /* Build configuration list for PBXNativeTarget "Networking" */ = {
			isa = XCConfigurationList;
			buildConfigurations = (
				9C629F9AC900F9F10F4A68C0 /* Debug */,
				91A09BD2EA66BAF7340C3AF7 /* Release */,
			);
			defaultConfigurationIsVisible = 0;
			defaultConfigurationName = Debug;
		};
		A4CF813043B3C542916339FA /* Build configuration list for PBXNativeTarget "SpendWise" */ = {
			isa = XCConfigurationList;
			buildConfigurations = (
				32108AD8D0E86AA9477AAEC3 /* Debug */,
				4F06ABC969A786A024D9A3DE /* Release */,
			);
			defaultConfigurationIsVisible = 0;
			defaultConfigurationName = Debug;
		};
		B62808A6C4D103C578237130 /* Build configuration list for PBXNativeTarget "AccountsUI" */ = {
			isa = XCConfigurationList;
			buildConfigurations = (
				95D051CBAA29461C517DB14B /* Debug */,
				3884EE348C6335319989D2C2 /* Release */,
			);
			defaultConfigurationIsVisible = 0;
			defaultConfigurationName = Debug;
		};
		C7D3C5A9B768EBB7D4C74405 /* Build configuration list for PBXNativeTarget "Domain" */ = {
			isa = XCConfigurationList;
			buildConfigurations = (
				E793BAA5D1E6E4C791A47B96 /* Debug */,
				E68A5BA6FB50A633AB5DB1BF /* Release */,
			);
			defaultConfigurationIsVisible = 0;
			defaultConfigurationName = Debug;
		};
		CAC95B81BEB1075046276854 /* Build configuration list for PBXNativeTarget "Persistence" */ = {
			isa = XCConfigurationList;
			buildConfigurations = (
				163D965BDB109DD1EB565DEE /* Debug */,
				0CA23058E1CAAA1544BFF0A6 /* Release */,
			);
			defaultConfigurationIsVisible = 0;
			defaultConfigurationName = Debug;
		};
/* End XCConfigurationList section */
	};
	rootObject = BA5EB1615A1CD0AAD26B012C /* Project object */;
}
